// !$*UTF8*$!
{
	archiveVersion = 1;
	classes = {
	};
	objectVersion = 48;
	objects = {

/* Begin PBXBuildFile section */
		9B0013CB209A00150081F65D /* WLRealNameAuthenticationViewController.m in Sources */ = {isa = PBXBuildFile; fileRef = 9B0013C9209A00150081F65D /* WLRealNameAuthenticationViewController.m */; };
		9B0013CC209A00150081F65D /* WLRealNameAuthenticationViewController.xib in Resources */ = {isa = PBXBuildFile; fileRef = 9B0013CA209A00150081F65D /* WLRealNameAuthenticationViewController.xib */; };
		9B0013CF209A03980081F65D /* WLBootViewController.m in Sources */ = {isa = PBXBuildFile; fileRef = 9B0013CE209A03980081F65D /* WLBootViewController.m */; };
		9B0013D3209A08020081F65D /* WLPaidDepositViewController.m in Sources */ = {isa = PBXBuildFile; fileRef = 9B0013D1209A08020081F65D /* WLPaidDepositViewController.m */; };
		9B0013D4209A08020081F65D /* WLPaidDepositViewController.xib in Resources */ = {isa = PBXBuildFile; fileRef = 9B0013D2209A08020081F65D /* WLPaidDepositViewController.xib */; };
		9B006B122097F69700CDEFD0 /* WLQuickLoginModel.m in Sources */ = {isa = PBXBuildFile; fileRef = 9B006B112097F69700CDEFD0 /* WLQuickLoginModel.m */; };
		9B006B152097FC3200CDEFD0 /* WLChargerStationModel.m in Sources */ = {isa = PBXBuildFile; fileRef = 9B006B142097FC3200CDEFD0 /* WLChargerStationModel.m */; };
		9B006B232098561300CDEFD0 /* WLRealNameIdentifyViewController.m in Sources */ = {isa = PBXBuildFile; fileRef = 9B006B222098561300CDEFD0 /* WLRealNameIdentifyViewController.m */; };
		9B006B2620985AA000CDEFD0 /* WLRealNameIdentifyCell.m in Sources */ = {isa = PBXBuildFile; fileRef = 9B006B2520985AA000CDEFD0 /* WLRealNameIdentifyCell.m */; };
		9B006B2820985AE400CDEFD0 /* WLRealNameIdentifyCell.xib in Resources */ = {isa = PBXBuildFile; fileRef = 9B006B2720985AE400CDEFD0 /* WLRealNameIdentifyCell.xib */; };
		9B006B2C2098B32D00CDEFD0 /* WLNewsCenterViewController.m in Sources */ = {isa = PBXBuildFile; fileRef = 9B006B2B2098B32D00CDEFD0 /* WLNewsCenterViewController.m */; };
		9B006B302098BA6D00CDEFD0 /* WLMyAccountController.m in Sources */ = {isa = PBXBuildFile; fileRef = 9B006B2F2098BA6D00CDEFD0 /* WLMyAccountController.m */; };
		9B01A0212095DB9400365BB8 /* WLLoginView.m in Sources */ = {isa = PBXBuildFile; fileRef = 9B01A0202095DB9400365BB8 /* WLLoginView.m */; };
		9B01A0242095F57C00365BB8 /* WLProfileView.m in Sources */ = {isa = PBXBuildFile; fileRef = 9B01A0232095F57C00365BB8 /* WLProfileView.m */; };
		9B01A0282095FCBA00365BB8 /* WLProfileItemsCell.m in Sources */ = {isa = PBXBuildFile; fileRef = 9B01A0262095FCBA00365BB8 /* WLProfileItemsCell.m */; };
		9B01A0292095FCBA00365BB8 /* WLProfileItemsCell.xib in Resources */ = {isa = PBXBuildFile; fileRef = 9B01A0272095FCBA00365BB8 /* WLProfileItemsCell.xib */; };
		9B01A03620960D6800365BB8 /* WLSettingsViewController.storyboard in Resources */ = {isa = PBXBuildFile; fileRef = 9B01A03520960D6800365BB8 /* WLSettingsViewController.storyboard */; };
		9B0211EA209E90AD00282AF1 /* WLCommonAPI.m in Sources */ = {isa = PBXBuildFile; fileRef = 9B0211E9209E90AD00282AF1 /* WLCommonAPI.m */; };
		9B0211ED209E94B600282AF1 /* WLChosenItemsView.m in Sources */ = {isa = PBXBuildFile; fileRef = 9B0211EC209E94B600282AF1 /* WLChosenItemsView.m */; };
		9B0211F0209E9ECE00282AF1 /* WLPaidRecordViewController.m in Sources */ = {isa = PBXBuildFile; fileRef = 9B0211EF209E9ECE00282AF1 /* WLPaidRecordViewController.m */; };
		9B0211F3209E9F4C00282AF1 /* WLRecordEmptyView.m in Sources */ = {isa = PBXBuildFile; fileRef = 9B0211F2209E9F4C00282AF1 /* WLRecordEmptyView.m */; };
		9B0211F6209EA23C00282AF1 /* WLPaidRecordModel.m in Sources */ = {isa = PBXBuildFile; fileRef = 9B0211F5209EA23C00282AF1 /* WLPaidRecordModel.m */; };
		9B0211F8209EA38D00282AF1 /* WLPaidRecordViewController.xib in Resources */ = {isa = PBXBuildFile; fileRef = 9B0211F7209EA38D00282AF1 /* WLPaidRecordViewController.xib */; };
		9B0211FB209EB16400282AF1 /* WLWebViewController.m in Sources */ = {isa = PBXBuildFile; fileRef = 9B0211FA209EB16400282AF1 /* WLWebViewController.m */; };
		9B0211FE209F0E9200282AF1 /* WLUserInfoMaintainance.m in Sources */ = {isa = PBXBuildFile; fileRef = 9B0211FD209F0E9200282AF1 /* WLUserInfoMaintainance.m */; };
		9B021202209F1F0900282AF1 /* WLPaidRecordCell.m in Sources */ = {isa = PBXBuildFile; fileRef = 9B021200209F1F0900282AF1 /* WLPaidRecordCell.m */; };
		9B021203209F1F0900282AF1 /* WLPaidRecordCell.xib in Resources */ = {isa = PBXBuildFile; fileRef = 9B021201209F1F0900282AF1 /* WLPaidRecordCell.xib */; };
		9B02AFBE20A332A900D95B9A /* UIButton+WLVerticalImageTitle.m in Sources */ = {isa = PBXBuildFile; fileRef = 9B02AFBD20A332A900D95B9A /* UIButton+WLVerticalImageTitle.m */; };
		9B4552FD2096DB3400C6C447 /* WLProfileDetailsViewController.m in Sources */ = {isa = PBXBuildFile; fileRef = 9B4552FC2096DB3400C6C447 /* WLProfileDetailsViewController.m */; };
		9B4553002096F31F00C6C447 /* WLNetworkTool.m in Sources */ = {isa = PBXBuildFile; fileRef = 9B4552FF2096F31F00C6C447 /* WLNetworkTool.m */; };
		9B4553032096F3B000C6C447 /* WLUtilities.m in Sources */ = {isa = PBXBuildFile; fileRef = 9B4553022096F3B000C6C447 /* WLUtilities.m */; };
		9B4CEDB820974A3700F20FB5 /* MapViewBaseDemoViewController.mm in Sources */ = {isa = PBXBuildFile; fileRef = 9B4CEDB720974A3700F20FB5 /* MapViewBaseDemoViewController.mm */; };
		9B4CEDBB20974E9D00F20FB5 /* WLMapViewController.m in Sources */ = {isa = PBXBuildFile; fileRef = 9B4CEDBA20974E9D00F20FB5 /* WLMapViewController.m */; };
		9B634D21209D7CEB00A5CB31 /* WLCommonTool.m in Sources */ = {isa = PBXBuildFile; fileRef = 9B634D20209D7CEB00A5CB31 /* WLCommonTool.m */; };
		9B634D25209D830300A5CB31 /* WLCertificationController.m in Sources */ = {isa = PBXBuildFile; fileRef = 9B634D23209D830300A5CB31 /* WLCertificationController.m */; };
		9B634D26209D830300A5CB31 /* WLCertificationController.xib in Resources */ = {isa = PBXBuildFile; fileRef = 9B634D24209D830300A5CB31 /* WLCertificationController.xib */; };
		9B634D28209D978A00A5CB31 /* WLProfileViewController.xib in Resources */ = {isa = PBXBuildFile; fileRef = 9B634D27209D978A00A5CB31 /* WLProfileViewController.xib */; };
		9B634D2C209DAC4600A5CB31 /* WLProfileInformationViewController.m in Sources */ = {isa = PBXBuildFile; fileRef = 9B634D2A209DAC4600A5CB31 /* WLProfileInformationViewController.m */; };
		9B634D2D209DAC4600A5CB31 /* WLProfileInformationViewController.xib in Resources */ = {isa = PBXBuildFile; fileRef = 9B634D2B209DAC4600A5CB31 /* WLProfileInformationViewController.xib */; };
		9B634D33209DAF6F00A5CB31 /* WLQingLoginModel.m in Sources */ = {isa = PBXBuildFile; fileRef = 9B634D32209DAF6F00A5CB31 /* WLQingLoginModel.m */; };
		9B720DB9209759E400D88704 /* WLMapAnnotationView.m in Sources */ = {isa = PBXBuildFile; fileRef = 9B720DB8209759E400D88704 /* WLMapAnnotationView.m */; };
		9B720DBD209765D400D88704 /* WLScanBitCodeViewController.m in Sources */ = {isa = PBXBuildFile; fileRef = 9B720DBC209765D400D88704 /* WLScanBitCodeViewController.m */; };
		9B9776BC20995C1D0068D5C1 /* WLWePay.m in Sources */ = {isa = PBXBuildFile; fileRef = 9B9776BB20995C1D0068D5C1 /* WLWePay.m */; };
		9B9776BF20995CD50068D5C1 /* WLInitPayModel.m in Sources */ = {isa = PBXBuildFile; fileRef = 9B9776BE20995CD50068D5C1 /* WLInitPayModel.m */; };
		9B9776C2209989720068D5C1 /* WLEachChargerStationModel.m in Sources */ = {isa = PBXBuildFile; fileRef = 9B9776C1209989720068D5C1 /* WLEachChargerStationModel.m */; };
		9B9776C82099A5400068D5C1 /* WLPointAnnotation.m in Sources */ = {isa = PBXBuildFile; fileRef = 9B9776C72099A5400068D5C1 /* WLPointAnnotation.m */; };
		9B9776CB2099AEEC0068D5C1 /* WLStationDetailPromptView.m in Sources */ = {isa = PBXBuildFile; fileRef = 9B9776CA2099AEEC0068D5C1 /* WLStationDetailPromptView.m */; };
		9B9776CD2099AEFC0068D5C1 /* WLStationDetailPromptView.xib in Resources */ = {isa = PBXBuildFile; fileRef = 9B9776CC2099AEFC0068D5C1 /* WLStationDetailPromptView.xib */; };
		9B977714209AA8A90068D5C1 /* WLChargerRecord.m in Sources */ = {isa = PBXBuildFile; fileRef = 9B977713209AA8A90068D5C1 /* WLChargerRecord.m */; };
		9B977718209AAC300068D5C1 /* WLInquireCostDetailModel.m in Sources */ = {isa = PBXBuildFile; fileRef = 9B977717209AAC300068D5C1 /* WLInquireCostDetailModel.m */; };
		9B97771B209AB04F0068D5C1 /* WLAquireChargerModel.m in Sources */ = {isa = PBXBuildFile; fileRef = 9B97771A209AB04F0068D5C1 /* WLAquireChargerModel.m */; };
		9B97771E209AB49F0068D5C1 /* WLDepositStatusModel.m in Sources */ = {isa = PBXBuildFile; fileRef = 9B97771D209AB49F0068D5C1 /* WLDepositStatusModel.m */; };
		9B977721209AB6400068D5C1 /* WLExpireTimeModel.m in Sources */ = {isa = PBXBuildFile; fileRef = 9B977720209AB6400068D5C1 /* WLExpireTimeModel.m */; };
		9B977724209ADCEF0068D5C1 /* WLDataMD5.m in Sources */ = {isa = PBXBuildFile; fileRef = 9B977723209ADCEF0068D5C1 /* WLDataMD5.m */; };
		9B977729209AF9540068D5C1 /* WLMyApplyChargerRecordViewController.m in Sources */ = {isa = PBXBuildFile; fileRef = 9B977728209AF9540068D5C1 /* WLMyApplyChargerRecordViewController.m */; };
		9B97772B209B02530068D5C1 /* WLMyAccountView.xib in Resources */ = {isa = PBXBuildFile; fileRef = 9B97772A209B02530068D5C1 /* WLMyAccountView.xib */; };
		9B977730209BD8BA0068D5C1 /* WLCustomerServiceViewController.m in Sources */ = {isa = PBXBuildFile; fileRef = 9B97772E209BD8BA0068D5C1 /* WLCustomerServiceViewController.m */; };
		9B977731209BD8BA0068D5C1 /* WLCustomerServiceViewController.xib in Resources */ = {isa = PBXBuildFile; fileRef = 9B97772F209BD8BA0068D5C1 /* WLCustomerServiceViewController.xib */; };
		9B97773F209FF1FA0068D5C1 /* QueryApiList.plist in Resources */ = {isa = PBXBuildFile; fileRef = 9B97773E209FF1FA0068D5C1 /* QueryApiList.plist */; };
		9B9E05B020A06CC000F5F045 /* WLQueryPriceInfoModel.m in Sources */ = {isa = PBXBuildFile; fileRef = 9B9E05AF20A06CC000F5F045 /* WLQueryPriceInfoModel.m */; };
		9BB5BDC1209447200076DDB7 /* AppDelegate.mm in Sources */ = {isa = PBXBuildFile; fileRef = 9BB5BDC0209447200076DDB7 /* AppDelegate.mm */; };
		9BB5BDC9209447200076DDB7 /* Assets.xcassets in Resources */ = {isa = PBXBuildFile; fileRef = 9BB5BDC8209447200076DDB7 /* Assets.xcassets */; };
		9BB5BDCC209447200076DDB7 /* LaunchScreen.storyboard in Resources */ = {isa = PBXBuildFile; fileRef = 9BB5BDCA209447200076DDB7 /* LaunchScreen.storyboard */; };
		9BB5BDCF209447200076DDB7 /* main.m in Sources */ = {isa = PBXBuildFile; fileRef = 9BB5BDCE209447200076DDB7 /* main.m */; };
		9BB5BDD9209447200076DDB7 /* ckdTests.m in Sources */ = {isa = PBXBuildFile; fileRef = 9BB5BDD8209447200076DDB7 /* ckdTests.m */; };
		9BB5BDE4209447200076DDB7 /* ckdUITests.m in Sources */ = {isa = PBXBuildFile; fileRef = 9BB5BDE3209447200076DDB7 /* ckdUITests.m */; };
		9BB5BDF6209453850076DDB7 /* WLBaseNavigationViewController.m in Sources */ = {isa = PBXBuildFile; fileRef = 9BB5BDF5209453850076DDB7 /* WLBaseNavigationViewController.m */; };
		9BB5BDF9209453C90076DDB7 /* WLBaseUIViewController.m in Sources */ = {isa = PBXBuildFile; fileRef = 9BB5BDF8209453C90076DDB7 /* WLBaseUIViewController.m */; };
		9BB5BDFC209453DF0076DDB7 /* WLHomeViewController.m in Sources */ = {isa = PBXBuildFile; fileRef = 9BB5BDFB209453DF0076DDB7 /* WLHomeViewController.m */; };
		9BB5BE0020946AE90076DDB7 /* WLProfileViewController.m in Sources */ = {isa = PBXBuildFile; fileRef = 9BB5BDFF20946AE90076DDB7 /* WLProfileViewController.m */; };
		9BB5BE0420946E270076DDB7 /* WLLoginViewController.m in Sources */ = {isa = PBXBuildFile; fileRef = 9BB5BE0320946E270076DDB7 /* WLLoginViewController.m */; };
		9BF70F1820A49891001E4B7A /* WLConfigHostViewController.m in Sources */ = {isa = PBXBuildFile; fileRef = 9BF70F1720A49891001E4B7A /* WLConfigHostViewController.m */; };
		9BFF6D88209B2C82003457D4 /* WLApplyChargerRecordCellTableViewCell.m in Sources */ = {isa = PBXBuildFile; fileRef = 9BFF6D86209B2C82003457D4 /* WLApplyChargerRecordCellTableViewCell.m */; };
		9BFF6D89209B2C82003457D4 /* WLApplyChargerRecordCellTableViewCell.xib in Resources */ = {isa = PBXBuildFile; fileRef = 9BFF6D87209B2C82003457D4 /* WLApplyChargerRecordCellTableViewCell.xib */; };
		9BFF6D8D209B307D003457D4 /* WLSettingDetailViewController.m in Sources */ = {isa = PBXBuildFile; fileRef = 9BFF6D8B209B307D003457D4 /* WLSettingDetailViewController.m */; };
		9BFF6D8E209B307D003457D4 /* WLSettingDetailViewController.xib in Resources */ = {isa = PBXBuildFile; fileRef = 9BFF6D8C209B307D003457D4 /* WLSettingDetailViewController.xib */; };
		9BFF6D92209B4252003457D4 /* WLChangeTelephoneNumberViewController.m in Sources */ = {isa = PBXBuildFile; fileRef = 9BFF6D90209B4252003457D4 /* WLChangeTelephoneNumberViewController.m */; };
		9BFF6D93209B4252003457D4 /* WLChangeTelephoneNumberViewController.xib in Resources */ = {isa = PBXBuildFile; fileRef = 9BFF6D91209B4252003457D4 /* WLChangeTelephoneNumberViewController.xib */; };
		FE98CF3A172DEAD6991E9E7A /* libPods-ckd.a in Frameworks */ = {isa = PBXBuildFile; fileRef = 1C55BFB4F50FBC05650FEF77 /* libPods-ckd.a */; };
/* End PBXBuildFile section */

/* Begin PBXContainerItemProxy section */
		9BB5BDD5209447200076DDB7 /* PBXContainerItemProxy */ = {
			isa = PBXContainerItemProxy;
			containerPortal = 9BB5BDB4209447200076DDB7 /* Project object */;
			proxyType = 1;
			remoteGlobalIDString = 9BB5BDBB209447200076DDB7;
			remoteInfo = ckd;
		};
		9BB5BDE0209447200076DDB7 /* PBXContainerItemProxy */ = {
			isa = PBXContainerItemProxy;
			containerPortal = 9BB5BDB4209447200076DDB7 /* Project object */;
			proxyType = 1;
			remoteGlobalIDString = 9BB5BDBB209447200076DDB7;
			remoteInfo = ckd;
		};
/* End PBXContainerItemProxy section */

/* Begin PBXFileReference section */
		1C55BFB4F50FBC05650FEF77 /* libPods-ckd.a */ = {isa = PBXFileReference; explicitFileType = archive.ar; includeInIndex = 0; path = "libPods-ckd.a"; sourceTree = BUILT_PRODUCTS_DIR; };
		70750EA903547B5CF0F8D141 /* Pods-ckd.release.xcconfig */ = {isa = PBXFileReference; includeInIndex = 1; lastKnownFileType = text.xcconfig; name = "Pods-ckd.release.xcconfig"; path = "Pods/Target Support Files/Pods-ckd/Pods-ckd.release.xcconfig"; sourceTree = "<group>"; };
		9B0013C8209A00150081F65D /* WLRealNameAuthenticationViewController.h */ = {isa = PBXFileReference; lastKnownFileType = sourcecode.c.h; path = WLRealNameAuthenticationViewController.h; sourceTree = "<group>"; };
		9B0013C9209A00150081F65D /* WLRealNameAuthenticationViewController.m */ = {isa = PBXFileReference; lastKnownFileType = sourcecode.c.objc; path = WLRealNameAuthenticationViewController.m; sourceTree = "<group>"; };
		9B0013CA209A00150081F65D /* WLRealNameAuthenticationViewController.xib */ = {isa = PBXFileReference; lastKnownFileType = file.xib; path = WLRealNameAuthenticationViewController.xib; sourceTree = "<group>"; };
		9B0013CD209A03980081F65D /* WLBootViewController.h */ = {isa = PBXFileReference; lastKnownFileType = sourcecode.c.h; path = WLBootViewController.h; sourceTree = "<group>"; };
		9B0013CE209A03980081F65D /* WLBootViewController.m */ = {isa = PBXFileReference; lastKnownFileType = sourcecode.c.objc; path = WLBootViewController.m; sourceTree = "<group>"; };
		9B0013D0209A08020081F65D /* WLPaidDepositViewController.h */ = {isa = PBXFileReference; lastKnownFileType = sourcecode.c.h; path = WLPaidDepositViewController.h; sourceTree = "<group>"; };
		9B0013D1209A08020081F65D /* WLPaidDepositViewController.m */ = {isa = PBXFileReference; lastKnownFileType = sourcecode.c.objc; path = WLPaidDepositViewController.m; sourceTree = "<group>"; };
		9B0013D2209A08020081F65D /* WLPaidDepositViewController.xib */ = {isa = PBXFileReference; lastKnownFileType = file.xib; path = WLPaidDepositViewController.xib; sourceTree = "<group>"; };
		9B006B102097F69700CDEFD0 /* WLQuickLoginModel.h */ = {isa = PBXFileReference; lastKnownFileType = sourcecode.c.h; path = WLQuickLoginModel.h; sourceTree = "<group>"; };
		9B006B112097F69700CDEFD0 /* WLQuickLoginModel.m */ = {isa = PBXFileReference; lastKnownFileType = sourcecode.c.objc; path = WLQuickLoginModel.m; sourceTree = "<group>"; };
		9B006B132097FC3200CDEFD0 /* WLChargerStationModel.h */ = {isa = PBXFileReference; lastKnownFileType = sourcecode.c.h; path = WLChargerStationModel.h; sourceTree = "<group>"; };
		9B006B142097FC3200CDEFD0 /* WLChargerStationModel.m */ = {isa = PBXFileReference; lastKnownFileType = sourcecode.c.objc; path = WLChargerStationModel.m; sourceTree = "<group>"; };
		9B006B212098561300CDEFD0 /* WLRealNameIdentifyViewController.h */ = {isa = PBXFileReference; lastKnownFileType = sourcecode.c.h; path = WLRealNameIdentifyViewController.h; sourceTree = "<group>"; };
		9B006B222098561300CDEFD0 /* WLRealNameIdentifyViewController.m */ = {isa = PBXFileReference; lastKnownFileType = sourcecode.c.objc; path = WLRealNameIdentifyViewController.m; sourceTree = "<group>"; };
		9B006B2420985AA000CDEFD0 /* WLRealNameIdentifyCell.h */ = {isa = PBXFileReference; lastKnownFileType = sourcecode.c.h; path = WLRealNameIdentifyCell.h; sourceTree = "<group>"; };
		9B006B2520985AA000CDEFD0 /* WLRealNameIdentifyCell.m */ = {isa = PBXFileReference; lastKnownFileType = sourcecode.c.objc; path = WLRealNameIdentifyCell.m; sourceTree = "<group>"; };
		9B006B2720985AE400CDEFD0 /* WLRealNameIdentifyCell.xib */ = {isa = PBXFileReference; lastKnownFileType = file.xib; path = WLRealNameIdentifyCell.xib; sourceTree = "<group>"; };
		9B006B2A2098B32D00CDEFD0 /* WLNewsCenterViewController.h */ = {isa = PBXFileReference; lastKnownFileType = sourcecode.c.h; path = WLNewsCenterViewController.h; sourceTree = "<group>"; };
		9B006B2B2098B32D00CDEFD0 /* WLNewsCenterViewController.m */ = {isa = PBXFileReference; lastKnownFileType = sourcecode.c.objc; path = WLNewsCenterViewController.m; sourceTree = "<group>"; };
		9B006B2E2098BA6D00CDEFD0 /* WLMyAccountController.h */ = {isa = PBXFileReference; lastKnownFileType = sourcecode.c.h; path = WLMyAccountController.h; sourceTree = "<group>"; };
		9B006B2F2098BA6D00CDEFD0 /* WLMyAccountController.m */ = {isa = PBXFileReference; lastKnownFileType = sourcecode.c.objc; path = WLMyAccountController.m; sourceTree = "<group>"; };
		9B01A01F2095DB9400365BB8 /* WLLoginView.h */ = {isa = PBXFileReference; lastKnownFileType = sourcecode.c.h; path = WLLoginView.h; sourceTree = "<group>"; };
		9B01A0202095DB9400365BB8 /* WLLoginView.m */ = {isa = PBXFileReference; lastKnownFileType = sourcecode.c.objc; path = WLLoginView.m; sourceTree = "<group>"; };
		9B01A0222095F57C00365BB8 /* WLProfileView.h */ = {isa = PBXFileReference; lastKnownFileType = sourcecode.c.h; path = WLProfileView.h; sourceTree = "<group>"; };
		9B01A0232095F57C00365BB8 /* WLProfileView.m */ = {isa = PBXFileReference; lastKnownFileType = sourcecode.c.objc; path = WLProfileView.m; sourceTree = "<group>"; };
		9B01A0252095FCBA00365BB8 /* WLProfileItemsCell.h */ = {isa = PBXFileReference; lastKnownFileType = sourcecode.c.h; path = WLProfileItemsCell.h; sourceTree = "<group>"; };
		9B01A0262095FCBA00365BB8 /* WLProfileItemsCell.m */ = {isa = PBXFileReference; lastKnownFileType = sourcecode.c.objc; path = WLProfileItemsCell.m; sourceTree = "<group>"; };
		9B01A0272095FCBA00365BB8 /* WLProfileItemsCell.xib */ = {isa = PBXFileReference; lastKnownFileType = file.xib; path = WLProfileItemsCell.xib; sourceTree = "<group>"; };
		9B01A03520960D6800365BB8 /* WLSettingsViewController.storyboard */ = {isa = PBXFileReference; lastKnownFileType = file.storyboard; path = WLSettingsViewController.storyboard; sourceTree = "<group>"; };
		9B0211E8209E90AD00282AF1 /* WLCommonAPI.h */ = {isa = PBXFileReference; lastKnownFileType = sourcecode.c.h; path = WLCommonAPI.h; sourceTree = "<group>"; };
		9B0211E9209E90AD00282AF1 /* WLCommonAPI.m */ = {isa = PBXFileReference; lastKnownFileType = sourcecode.c.objc; path = WLCommonAPI.m; sourceTree = "<group>"; };
		9B0211EB209E94B600282AF1 /* WLChosenItemsView.h */ = {isa = PBXFileReference; lastKnownFileType = sourcecode.c.h; path = WLChosenItemsView.h; sourceTree = "<group>"; };
		9B0211EC209E94B600282AF1 /* WLChosenItemsView.m */ = {isa = PBXFileReference; lastKnownFileType = sourcecode.c.objc; path = WLChosenItemsView.m; sourceTree = "<group>"; };
		9B0211EE209E9ECE00282AF1 /* WLPaidRecordViewController.h */ = {isa = PBXFileReference; lastKnownFileType = sourcecode.c.h; path = WLPaidRecordViewController.h; sourceTree = "<group>"; };
		9B0211EF209E9ECE00282AF1 /* WLPaidRecordViewController.m */ = {isa = PBXFileReference; lastKnownFileType = sourcecode.c.objc; path = WLPaidRecordViewController.m; sourceTree = "<group>"; };
		9B0211F1209E9F4C00282AF1 /* WLRecordEmptyView.h */ = {isa = PBXFileReference; lastKnownFileType = sourcecode.c.h; path = WLRecordEmptyView.h; sourceTree = "<group>"; };
		9B0211F2209E9F4C00282AF1 /* WLRecordEmptyView.m */ = {isa = PBXFileReference; lastKnownFileType = sourcecode.c.objc; path = WLRecordEmptyView.m; sourceTree = "<group>"; };
		9B0211F4209EA23C00282AF1 /* WLPaidRecordModel.h */ = {isa = PBXFileReference; lastKnownFileType = sourcecode.c.h; path = WLPaidRecordModel.h; sourceTree = "<group>"; };
		9B0211F5209EA23C00282AF1 /* WLPaidRecordModel.m */ = {isa = PBXFileReference; lastKnownFileType = sourcecode.c.objc; path = WLPaidRecordModel.m; sourceTree = "<group>"; };
		9B0211F7209EA38D00282AF1 /* WLPaidRecordViewController.xib */ = {isa = PBXFileReference; lastKnownFileType = file.xib; path = WLPaidRecordViewController.xib; sourceTree = "<group>"; };
		9B0211F9209EB16400282AF1 /* WLWebViewController.h */ = {isa = PBXFileReference; lastKnownFileType = sourcecode.c.h; path = WLWebViewController.h; sourceTree = "<group>"; };
		9B0211FA209EB16400282AF1 /* WLWebViewController.m */ = {isa = PBXFileReference; lastKnownFileType = sourcecode.c.objc; path = WLWebViewController.m; sourceTree = "<group>"; };
		9B0211FC209F0E9200282AF1 /* WLUserInfoMaintainance.h */ = {isa = PBXFileReference; lastKnownFileType = sourcecode.c.h; path = WLUserInfoMaintainance.h; sourceTree = "<group>"; };
		9B0211FD209F0E9200282AF1 /* WLUserInfoMaintainance.m */ = {isa = PBXFileReference; lastKnownFileType = sourcecode.c.objc; path = WLUserInfoMaintainance.m; sourceTree = "<group>"; };
		9B0211FF209F1F0900282AF1 /* WLPaidRecordCell.h */ = {isa = PBXFileReference; lastKnownFileType = sourcecode.c.h; path = WLPaidRecordCell.h; sourceTree = "<group>"; };
		9B021200209F1F0900282AF1 /* WLPaidRecordCell.m */ = {isa = PBXFileReference; lastKnownFileType = sourcecode.c.objc; path = WLPaidRecordCell.m; sourceTree = "<group>"; };
		9B021201209F1F0900282AF1 /* WLPaidRecordCell.xib */ = {isa = PBXFileReference; lastKnownFileType = file.xib; path = WLPaidRecordCell.xib; sourceTree = "<group>"; };
		9B02AFBC20A332A900D95B9A /* UIButton+WLVerticalImageTitle.h */ = {isa = PBXFileReference; lastKnownFileType = sourcecode.c.h; path = "UIButton+WLVerticalImageTitle.h"; sourceTree = "<group>"; };
		9B02AFBD20A332A900D95B9A /* UIButton+WLVerticalImageTitle.m */ = {isa = PBXFileReference; lastKnownFileType = sourcecode.c.objc; path = "UIButton+WLVerticalImageTitle.m"; sourceTree = "<group>"; };
		9B4552FB2096DB3400C6C447 /* WLProfileDetailsViewController.h */ = {isa = PBXFileReference; lastKnownFileType = sourcecode.c.h; path = WLProfileDetailsViewController.h; sourceTree = "<group>"; };
		9B4552FC2096DB3400C6C447 /* WLProfileDetailsViewController.m */ = {isa = PBXFileReference; lastKnownFileType = sourcecode.c.objc; path = WLProfileDetailsViewController.m; sourceTree = "<group>"; };
		9B4552FE2096F31F00C6C447 /* WLNetworkTool.h */ = {isa = PBXFileReference; lastKnownFileType = sourcecode.c.h; path = WLNetworkTool.h; sourceTree = "<group>"; };
		9B4552FF2096F31F00C6C447 /* WLNetworkTool.m */ = {isa = PBXFileReference; lastKnownFileType = sourcecode.c.objc; path = WLNetworkTool.m; sourceTree = "<group>"; };
		9B4553012096F3B000C6C447 /* WLUtilities.h */ = {isa = PBXFileReference; lastKnownFileType = sourcecode.c.h; path = WLUtilities.h; sourceTree = "<group>"; };
		9B4553022096F3B000C6C447 /* WLUtilities.m */ = {isa = PBXFileReference; lastKnownFileType = sourcecode.c.objc; path = WLUtilities.m; sourceTree = "<group>"; };
		9B4CEDB620974A3700F20FB5 /* MapViewBaseDemoViewController.h */ = {isa = PBXFileReference; fileEncoding = 4; lastKnownFileType = sourcecode.c.h; path = MapViewBaseDemoViewController.h; sourceTree = "<group>"; };
		9B4CEDB720974A3700F20FB5 /* MapViewBaseDemoViewController.mm */ = {isa = PBXFileReference; fileEncoding = 4; lastKnownFileType = sourcecode.cpp.objcpp; path = MapViewBaseDemoViewController.mm; sourceTree = "<group>"; };
		9B4CEDB920974E9D00F20FB5 /* WLMapViewController.h */ = {isa = PBXFileReference; lastKnownFileType = sourcecode.c.h; path = WLMapViewController.h; sourceTree = "<group>"; };
		9B4CEDBA20974E9D00F20FB5 /* WLMapViewController.m */ = {isa = PBXFileReference; lastKnownFileType = sourcecode.c.objc; path = WLMapViewController.m; sourceTree = "<group>"; };
		9B634D1F209D7CEB00A5CB31 /* WLCommonTool.h */ = {isa = PBXFileReference; lastKnownFileType = sourcecode.c.h; path = WLCommonTool.h; sourceTree = "<group>"; };
		9B634D20209D7CEB00A5CB31 /* WLCommonTool.m */ = {isa = PBXFileReference; lastKnownFileType = sourcecode.c.objc; path = WLCommonTool.m; sourceTree = "<group>"; };
		9B634D22209D830300A5CB31 /* WLCertificationController.h */ = {isa = PBXFileReference; lastKnownFileType = sourcecode.c.h; path = WLCertificationController.h; sourceTree = "<group>"; };
		9B634D23209D830300A5CB31 /* WLCertificationController.m */ = {isa = PBXFileReference; lastKnownFileType = sourcecode.c.objc; path = WLCertificationController.m; sourceTree = "<group>"; };
		9B634D24209D830300A5CB31 /* WLCertificationController.xib */ = {isa = PBXFileReference; lastKnownFileType = file.xib; path = WLCertificationController.xib; sourceTree = "<group>"; };
		9B634D27209D978A00A5CB31 /* WLProfileViewController.xib */ = {isa = PBXFileReference; lastKnownFileType = file.xib; path = WLProfileViewController.xib; sourceTree = "<group>"; };
		9B634D29209DAC4600A5CB31 /* WLProfileInformationViewController.h */ = {isa = PBXFileReference; lastKnownFileType = sourcecode.c.h; path = WLProfileInformationViewController.h; sourceTree = "<group>"; };
		9B634D2A209DAC4600A5CB31 /* WLProfileInformationViewController.m */ = {isa = PBXFileReference; lastKnownFileType = sourcecode.c.objc; path = WLProfileInformationViewController.m; sourceTree = "<group>"; };
		9B634D2B209DAC4600A5CB31 /* WLProfileInformationViewController.xib */ = {isa = PBXFileReference; lastKnownFileType = file.xib; path = WLProfileInformationViewController.xib; sourceTree = "<group>"; };
		9B634D31209DAF6F00A5CB31 /* WLQingLoginModel.h */ = {isa = PBXFileReference; lastKnownFileType = sourcecode.c.h; path = WLQingLoginModel.h; sourceTree = "<group>"; };
		9B634D32209DAF6F00A5CB31 /* WLQingLoginModel.m */ = {isa = PBXFileReference; lastKnownFileType = sourcecode.c.objc; path = WLQingLoginModel.m; sourceTree = "<group>"; };
		9B720DB7209759E400D88704 /* WLMapAnnotationView.h */ = {isa = PBXFileReference; lastKnownFileType = sourcecode.c.h; path = WLMapAnnotationView.h; sourceTree = "<group>"; };
		9B720DB8209759E400D88704 /* WLMapAnnotationView.m */ = {isa = PBXFileReference; lastKnownFileType = sourcecode.c.objc; path = WLMapAnnotationView.m; sourceTree = "<group>"; };
		9B720DBB209765D400D88704 /* WLScanBitCodeViewController.h */ = {isa = PBXFileReference; lastKnownFileType = sourcecode.c.h; path = WLScanBitCodeViewController.h; sourceTree = "<group>"; };
		9B720DBC209765D400D88704 /* WLScanBitCodeViewController.m */ = {isa = PBXFileReference; lastKnownFileType = sourcecode.c.objc; path = WLScanBitCodeViewController.m; sourceTree = "<group>"; };
		9B9776BA20995C1D0068D5C1 /* WLWePay.h */ = {isa = PBXFileReference; lastKnownFileType = sourcecode.c.h; path = WLWePay.h; sourceTree = "<group>"; };
		9B9776BB20995C1D0068D5C1 /* WLWePay.m */ = {isa = PBXFileReference; lastKnownFileType = sourcecode.c.objc; path = WLWePay.m; sourceTree = "<group>"; };
		9B9776BD20995CD50068D5C1 /* WLInitPayModel.h */ = {isa = PBXFileReference; lastKnownFileType = sourcecode.c.h; path = WLInitPayModel.h; sourceTree = "<group>"; };
		9B9776BE20995CD50068D5C1 /* WLInitPayModel.m */ = {isa = PBXFileReference; lastKnownFileType = sourcecode.c.objc; path = WLInitPayModel.m; sourceTree = "<group>"; };
		9B9776C0209989720068D5C1 /* WLEachChargerStationModel.h */ = {isa = PBXFileReference; lastKnownFileType = sourcecode.c.h; path = WLEachChargerStationModel.h; sourceTree = "<group>"; };
		9B9776C1209989720068D5C1 /* WLEachChargerStationModel.m */ = {isa = PBXFileReference; lastKnownFileType = sourcecode.c.objc; path = WLEachChargerStationModel.m; sourceTree = "<group>"; };
		9B9776C62099A5400068D5C1 /* WLPointAnnotation.h */ = {isa = PBXFileReference; lastKnownFileType = sourcecode.c.h; path = WLPointAnnotation.h; sourceTree = "<group>"; };
		9B9776C72099A5400068D5C1 /* WLPointAnnotation.m */ = {isa = PBXFileReference; lastKnownFileType = sourcecode.c.objc; path = WLPointAnnotation.m; sourceTree = "<group>"; };
		9B9776C92099AEEC0068D5C1 /* WLStationDetailPromptView.h */ = {isa = PBXFileReference; lastKnownFileType = sourcecode.c.h; path = WLStationDetailPromptView.h; sourceTree = "<group>"; };
		9B9776CA2099AEEC0068D5C1 /* WLStationDetailPromptView.m */ = {isa = PBXFileReference; lastKnownFileType = sourcecode.c.objc; path = WLStationDetailPromptView.m; sourceTree = "<group>"; };
		9B9776CC2099AEFC0068D5C1 /* WLStationDetailPromptView.xib */ = {isa = PBXFileReference; lastKnownFileType = file.xib; path = WLStationDetailPromptView.xib; sourceTree = "<group>"; };
		9B977712209AA8A90068D5C1 /* WLChargerRecord.h */ = {isa = PBXFileReference; lastKnownFileType = sourcecode.c.h; path = WLChargerRecord.h; sourceTree = "<group>"; };
		9B977713209AA8A90068D5C1 /* WLChargerRecord.m */ = {isa = PBXFileReference; lastKnownFileType = sourcecode.c.objc; path = WLChargerRecord.m; sourceTree = "<group>"; };
		9B977716209AAC300068D5C1 /* WLInquireCostDetailModel.h */ = {isa = PBXFileReference; lastKnownFileType = sourcecode.c.h; path = WLInquireCostDetailModel.h; sourceTree = "<group>"; };
		9B977717209AAC300068D5C1 /* WLInquireCostDetailModel.m */ = {isa = PBXFileReference; lastKnownFileType = sourcecode.c.objc; path = WLInquireCostDetailModel.m; sourceTree = "<group>"; };
		9B977719209AB04F0068D5C1 /* WLAquireChargerModel.h */ = {isa = PBXFileReference; lastKnownFileType = sourcecode.c.h; path = WLAquireChargerModel.h; sourceTree = "<group>"; };
		9B97771A209AB04F0068D5C1 /* WLAquireChargerModel.m */ = {isa = PBXFileReference; lastKnownFileType = sourcecode.c.objc; path = WLAquireChargerModel.m; sourceTree = "<group>"; };
		9B97771C209AB49F0068D5C1 /* WLDepositStatusModel.h */ = {isa = PBXFileReference; lastKnownFileType = sourcecode.c.h; path = WLDepositStatusModel.h; sourceTree = "<group>"; };
		9B97771D209AB49F0068D5C1 /* WLDepositStatusModel.m */ = {isa = PBXFileReference; lastKnownFileType = sourcecode.c.objc; path = WLDepositStatusModel.m; sourceTree = "<group>"; };
		9B97771F209AB6400068D5C1 /* WLExpireTimeModel.h */ = {isa = PBXFileReference; lastKnownFileType = sourcecode.c.h; path = WLExpireTimeModel.h; sourceTree = "<group>"; };
		9B977720209AB6400068D5C1 /* WLExpireTimeModel.m */ = {isa = PBXFileReference; lastKnownFileType = sourcecode.c.objc; path = WLExpireTimeModel.m; sourceTree = "<group>"; };
		9B977722209ADCEF0068D5C1 /* WLDataMD5.h */ = {isa = PBXFileReference; lastKnownFileType = sourcecode.c.h; path = WLDataMD5.h; sourceTree = "<group>"; };
		9B977723209ADCEF0068D5C1 /* WLDataMD5.m */ = {isa = PBXFileReference; lastKnownFileType = sourcecode.c.objc; path = WLDataMD5.m; sourceTree = "<group>"; };
		9B977727209AF9540068D5C1 /* WLMyApplyChargerRecordViewController.h */ = {isa = PBXFileReference; lastKnownFileType = sourcecode.c.h; path = WLMyApplyChargerRecordViewController.h; sourceTree = "<group>"; };
		9B977728209AF9540068D5C1 /* WLMyApplyChargerRecordViewController.m */ = {isa = PBXFileReference; lastKnownFileType = sourcecode.c.objc; path = WLMyApplyChargerRecordViewController.m; sourceTree = "<group>"; };
		9B97772A209B02530068D5C1 /* WLMyAccountView.xib */ = {isa = PBXFileReference; lastKnownFileType = file.xib; path = WLMyAccountView.xib; sourceTree = "<group>"; };
		9B97772D209BD8BA0068D5C1 /* WLCustomerServiceViewController.h */ = {isa = PBXFileReference; lastKnownFileType = sourcecode.c.h; path = WLCustomerServiceViewController.h; sourceTree = "<group>"; };
		9B97772E209BD8BA0068D5C1 /* WLCustomerServiceViewController.m */ = {isa = PBXFileReference; lastKnownFileType = sourcecode.c.objc; path = WLCustomerServiceViewController.m; sourceTree = "<group>"; };
		9B97772F209BD8BA0068D5C1 /* WLCustomerServiceViewController.xib */ = {isa = PBXFileReference; lastKnownFileType = file.xib; path = WLCustomerServiceViewController.xib; sourceTree = "<group>"; };
		9B97773E209FF1FA0068D5C1 /* QueryApiList.plist */ = {isa = PBXFileReference; lastKnownFileType = text.plist.xml; path = QueryApiList.plist; sourceTree = "<group>"; };
		9B9E05AE20A06CC000F5F045 /* WLQueryPriceInfoModel.h */ = {isa = PBXFileReference; lastKnownFileType = sourcecode.c.h; path = WLQueryPriceInfoModel.h; sourceTree = "<group>"; };
		9B9E05AF20A06CC000F5F045 /* WLQueryPriceInfoModel.m */ = {isa = PBXFileReference; lastKnownFileType = sourcecode.c.objc; path = WLQueryPriceInfoModel.m; sourceTree = "<group>"; };
		9BB5BDBC209447200076DDB7 /* ckd.app */ = {isa = PBXFileReference; explicitFileType = wrapper.application; includeInIndex = 0; path = ckd.app; sourceTree = BUILT_PRODUCTS_DIR; };
		9BB5BDBF209447200076DDB7 /* AppDelegate.h */ = {isa = PBXFileReference; lastKnownFileType = sourcecode.c.h; path = AppDelegate.h; sourceTree = "<group>"; };
		9BB5BDC0209447200076DDB7 /* AppDelegate.mm */ = {isa = PBXFileReference; lastKnownFileType = sourcecode.cpp.objcpp; path = AppDelegate.mm; sourceTree = "<group>"; };
		9BB5BDC8209447200076DDB7 /* Assets.xcassets */ = {isa = PBXFileReference; lastKnownFileType = folder.assetcatalog; path = Assets.xcassets; sourceTree = "<group>"; };
		9BB5BDCB209447200076DDB7 /* Base */ = {isa = PBXFileReference; lastKnownFileType = file.storyboard; name = Base; path = Base.lproj/LaunchScreen.storyboard; sourceTree = "<group>"; };
		9BB5BDCD209447200076DDB7 /* Info.plist */ = {isa = PBXFileReference; lastKnownFileType = text.plist.xml; path = Info.plist; sourceTree = "<group>"; };
		9BB5BDCE209447200076DDB7 /* main.m */ = {isa = PBXFileReference; lastKnownFileType = sourcecode.c.objc; path = main.m; sourceTree = "<group>"; };
		9BB5BDD4209447200076DDB7 /* ckdTests.xctest */ = {isa = PBXFileReference; explicitFileType = wrapper.cfbundle; includeInIndex = 0; path = ckdTests.xctest; sourceTree = BUILT_PRODUCTS_DIR; };
		9BB5BDD8209447200076DDB7 /* ckdTests.m */ = {isa = PBXFileReference; lastKnownFileType = sourcecode.c.objc; path = ckdTests.m; sourceTree = "<group>"; };
		9BB5BDDA209447200076DDB7 /* Info.plist */ = {isa = PBXFileReference; lastKnownFileType = text.plist.xml; path = Info.plist; sourceTree = "<group>"; };
		9BB5BDDF209447200076DDB7 /* ckdUITests.xctest */ = {isa = PBXFileReference; explicitFileType = wrapper.cfbundle; includeInIndex = 0; path = ckdUITests.xctest; sourceTree = BUILT_PRODUCTS_DIR; };
		9BB5BDE3209447200076DDB7 /* ckdUITests.m */ = {isa = PBXFileReference; lastKnownFileType = sourcecode.c.objc; path = ckdUITests.m; sourceTree = "<group>"; };
		9BB5BDE5209447200076DDB7 /* Info.plist */ = {isa = PBXFileReference; lastKnownFileType = text.plist.xml; path = Info.plist; sourceTree = "<group>"; };
		9BB5BDF4209453850076DDB7 /* WLBaseNavigationViewController.h */ = {isa = PBXFileReference; lastKnownFileType = sourcecode.c.h; path = WLBaseNavigationViewController.h; sourceTree = "<group>"; };
		9BB5BDF5209453850076DDB7 /* WLBaseNavigationViewController.m */ = {isa = PBXFileReference; lastKnownFileType = sourcecode.c.objc; path = WLBaseNavigationViewController.m; sourceTree = "<group>"; };
		9BB5BDF7209453C90076DDB7 /* WLBaseUIViewController.h */ = {isa = PBXFileReference; lastKnownFileType = sourcecode.c.h; path = WLBaseUIViewController.h; sourceTree = "<group>"; };
		9BB5BDF8209453C90076DDB7 /* WLBaseUIViewController.m */ = {isa = PBXFileReference; lastKnownFileType = sourcecode.c.objc; path = WLBaseUIViewController.m; sourceTree = "<group>"; };
		9BB5BDFA209453DF0076DDB7 /* WLHomeViewController.h */ = {isa = PBXFileReference; lastKnownFileType = sourcecode.c.h; path = WLHomeViewController.h; sourceTree = "<group>"; };
		9BB5BDFB209453DF0076DDB7 /* WLHomeViewController.m */ = {isa = PBXFileReference; lastKnownFileType = sourcecode.c.objc; path = WLHomeViewController.m; sourceTree = "<group>"; };
		9BB5BDFD209469130076DDB7 /* WLPlatform.h */ = {isa = PBXFileReference; lastKnownFileType = sourcecode.c.h; path = WLPlatform.h; sourceTree = "<group>"; };
		9BB5BDFE20946AE90076DDB7 /* WLProfileViewController.h */ = {isa = PBXFileReference; lastKnownFileType = sourcecode.c.h; path = WLProfileViewController.h; sourceTree = "<group>"; };
		9BB5BDFF20946AE90076DDB7 /* WLProfileViewController.m */ = {isa = PBXFileReference; lastKnownFileType = sourcecode.c.objc; path = WLProfileViewController.m; sourceTree = "<group>"; };
		9BB5BE0220946E270076DDB7 /* WLLoginViewController.h */ = {isa = PBXFileReference; lastKnownFileType = sourcecode.c.h; path = WLLoginViewController.h; sourceTree = "<group>"; };
		9BB5BE0320946E270076DDB7 /* WLLoginViewController.m */ = {isa = PBXFileReference; lastKnownFileType = sourcecode.c.objc; path = WLLoginViewController.m; sourceTree = "<group>"; };
		9BF70F1620A49891001E4B7A /* WLConfigHostViewController.h */ = {isa = PBXFileReference; lastKnownFileType = sourcecode.c.h; path = WLConfigHostViewController.h; sourceTree = "<group>"; };
		9BF70F1720A49891001E4B7A /* WLConfigHostViewController.m */ = {isa = PBXFileReference; lastKnownFileType = sourcecode.c.objc; path = WLConfigHostViewController.m; sourceTree = "<group>"; };
		9BFF6D85209B2C82003457D4 /* WLApplyChargerRecordCellTableViewCell.h */ = {isa = PBXFileReference; lastKnownFileType = sourcecode.c.h; path = WLApplyChargerRecordCellTableViewCell.h; sourceTree = "<group>"; };
		9BFF6D86209B2C82003457D4 /* WLApplyChargerRecordCellTableViewCell.m */ = {isa = PBXFileReference; lastKnownFileType = sourcecode.c.objc; path = WLApplyChargerRecordCellTableViewCell.m; sourceTree = "<group>"; };
		9BFF6D87209B2C82003457D4 /* WLApplyChargerRecordCellTableViewCell.xib */ = {isa = PBXFileReference; lastKnownFileType = file.xib; path = WLApplyChargerRecordCellTableViewCell.xib; sourceTree = "<group>"; };
		9BFF6D8A209B307D003457D4 /* WLSettingDetailViewController.h */ = {isa = PBXFileReference; lastKnownFileType = sourcecode.c.h; path = WLSettingDetailViewController.h; sourceTree = "<group>"; };
		9BFF6D8B209B307D003457D4 /* WLSettingDetailViewController.m */ = {isa = PBXFileReference; lastKnownFileType = sourcecode.c.objc; path = WLSettingDetailViewController.m; sourceTree = "<group>"; };
		9BFF6D8C209B307D003457D4 /* WLSettingDetailViewController.xib */ = {isa = PBXFileReference; lastKnownFileType = file.xib; path = WLSettingDetailViewController.xib; sourceTree = "<group>"; };
		9BFF6D8F209B4252003457D4 /* WLChangeTelephoneNumberViewController.h */ = {isa = PBXFileReference; lastKnownFileType = sourcecode.c.h; path = WLChangeTelephoneNumberViewController.h; sourceTree = "<group>"; };
		9BFF6D90209B4252003457D4 /* WLChangeTelephoneNumberViewController.m */ = {isa = PBXFileReference; lastKnownFileType = sourcecode.c.objc; path = WLChangeTelephoneNumberViewController.m; sourceTree = "<group>"; };
		9BFF6D91209B4252003457D4 /* WLChangeTelephoneNumberViewController.xib */ = {isa = PBXFileReference; lastKnownFileType = file.xib; path = WLChangeTelephoneNumberViewController.xib; sourceTree = "<group>"; };
		CEE767F063C76A7AE601455B /* Pods-ckd.debug.xcconfig */ = {isa = PBXFileReference; includeInIndex = 1; lastKnownFileType = text.xcconfig; name = "Pods-ckd.debug.xcconfig"; path = "Pods/Target Support Files/Pods-ckd/Pods-ckd.debug.xcconfig"; sourceTree = "<group>"; };
/* End PBXFileReference section */

/* Begin PBXFrameworksBuildPhase section */
		9BB5BDB9209447200076DDB7 /* Frameworks */ = {
			isa = PBXFrameworksBuildPhase;
			buildActionMask = 2147483647;
			files = (
				FE98CF3A172DEAD6991E9E7A /* libPods-ckd.a in Frameworks */,
			);
			runOnlyForDeploymentPostprocessing = 0;
		};
		9BB5BDD1209447200076DDB7 /* Frameworks */ = {
			isa = PBXFrameworksBuildPhase;
			buildActionMask = 2147483647;
			files = (
			);
			runOnlyForDeploymentPostprocessing = 0;
		};
		9BB5BDDC209447200076DDB7 /* Frameworks */ = {
			isa = PBXFrameworksBuildPhase;
			buildActionMask = 2147483647;
			files = (
			);
			runOnlyForDeploymentPostprocessing = 0;
		};
/* End PBXFrameworksBuildPhase section */

/* Begin PBXGroup section */
		9B006B0F2097F66800CDEFD0 /* 模型 */ = {
			isa = PBXGroup;
			children = (
				9B006B102097F69700CDEFD0 /* WLQuickLoginModel.h */,
				9B006B112097F69700CDEFD0 /* WLQuickLoginModel.m */,
				9B006B132097FC3200CDEFD0 /* WLChargerStationModel.h */,
				9B006B142097FC3200CDEFD0 /* WLChargerStationModel.m */,
				9B9776C0209989720068D5C1 /* WLEachChargerStationModel.h */,
				9B9776C1209989720068D5C1 /* WLEachChargerStationModel.m */,
				9B9776BD20995CD50068D5C1 /* WLInitPayModel.h */,
				9B9776BE20995CD50068D5C1 /* WLInitPayModel.m */,
				9B977712209AA8A90068D5C1 /* WLChargerRecord.h */,
				9B977713209AA8A90068D5C1 /* WLChargerRecord.m */,
				9B977719209AB04F0068D5C1 /* WLAquireChargerModel.h */,
				9B97771A209AB04F0068D5C1 /* WLAquireChargerModel.m */,
				9B977716209AAC300068D5C1 /* WLInquireCostDetailModel.h */,
				9B977717209AAC300068D5C1 /* WLInquireCostDetailModel.m */,
				9B97771C209AB49F0068D5C1 /* WLDepositStatusModel.h */,
				9B97771D209AB49F0068D5C1 /* WLDepositStatusModel.m */,
				9B97771F209AB6400068D5C1 /* WLExpireTimeModel.h */,
				9B977720209AB6400068D5C1 /* WLExpireTimeModel.m */,
				9B977722209ADCEF0068D5C1 /* WLDataMD5.h */,
				9B977723209ADCEF0068D5C1 /* WLDataMD5.m */,
				9B634D31209DAF6F00A5CB31 /* WLQingLoginModel.h */,
				9B634D32209DAF6F00A5CB31 /* WLQingLoginModel.m */,
				9B0211F4209EA23C00282AF1 /* WLPaidRecordModel.h */,
				9B0211F5209EA23C00282AF1 /* WLPaidRecordModel.m */,
				9B9E05AE20A06CC000F5F045 /* WLQueryPriceInfoModel.h */,
				9B9E05AF20A06CC000F5F045 /* WLQueryPriceInfoModel.m */,
			);
			path = "模型";
			sourceTree = "<group>";
		};
		9B006B292098B30C00CDEFD0 /* 消息中心 */ = {
			isa = PBXGroup;
			children = (
				9B006B2A2098B32D00CDEFD0 /* WLNewsCenterViewController.h */,
				9B006B2B2098B32D00CDEFD0 /* WLNewsCenterViewController.m */,
			);
			path = "消息中心";
			sourceTree = "<group>";
		};
		9B006B2D2098B99A00CDEFD0 /* 我的账户 */ = {
			isa = PBXGroup;
			children = (
				9B006B2E2098BA6D00CDEFD0 /* WLMyAccountController.h */,
				9B006B2F2098BA6D00CDEFD0 /* WLMyAccountController.m */,
				9B97772A209B02530068D5C1 /* WLMyAccountView.xib */,
			);
			path = "我的账户";
			sourceTree = "<group>";
		};
		9B01A02A20960B0600365BB8 /* 设置 */ = {
			isa = PBXGroup;
			children = (
				9BFF6D8A209B307D003457D4 /* WLSettingDetailViewController.h */,
				9BFF6D8B209B307D003457D4 /* WLSettingDetailViewController.m */,
				9BFF6D8C209B307D003457D4 /* WLSettingDetailViewController.xib */,
				9BFF6D8F209B4252003457D4 /* WLChangeTelephoneNumberViewController.h */,
				9BFF6D90209B4252003457D4 /* WLChangeTelephoneNumberViewController.m */,
				9BFF6D91209B4252003457D4 /* WLChangeTelephoneNumberViewController.xib */,
				9B4552FB2096DB3400C6C447 /* WLProfileDetailsViewController.h */,
				9B4552FC2096DB3400C6C447 /* WLProfileDetailsViewController.m */,
				9B006B212098561300CDEFD0 /* WLRealNameIdentifyViewController.h */,
				9B006B222098561300CDEFD0 /* WLRealNameIdentifyViewController.m */,
				9B006B2420985AA000CDEFD0 /* WLRealNameIdentifyCell.h */,
				9B006B2520985AA000CDEFD0 /* WLRealNameIdentifyCell.m */,
				9B006B2720985AE400CDEFD0 /* WLRealNameIdentifyCell.xib */,
				9B01A03520960D6800365BB8 /* WLSettingsViewController.storyboard */,
			);
			path = "设置";
			sourceTree = "<group>";
		};
		9B720DBA209765AC00D88704 /* 扫一扫 */ = {
			isa = PBXGroup;
			children = (
				9B720DBB209765D400D88704 /* WLScanBitCodeViewController.h */,
				9B720DBC209765D400D88704 /* WLScanBitCodeViewController.m */,
			);
			path = "扫一扫";
			sourceTree = "<group>";
		};
		9B9776B920995BFE0068D5C1 /* 支付 */ = {
			isa = PBXGroup;
			children = (
				9B9776BA20995C1D0068D5C1 /* WLWePay.h */,
				9B9776BB20995C1D0068D5C1 /* WLWePay.m */,
			);
			path = "支付";
			sourceTree = "<group>";
		};
		9B977725209AF9140068D5C1 /* 我的换电 */ = {
			isa = PBXGroup;
			children = (
				9B977727209AF9540068D5C1 /* WLMyApplyChargerRecordViewController.h */,
				9B977728209AF9540068D5C1 /* WLMyApplyChargerRecordViewController.m */,
				9BFF6D85209B2C82003457D4 /* WLApplyChargerRecordCellTableViewCell.h */,
				9BFF6D86209B2C82003457D4 /* WLApplyChargerRecordCellTableViewCell.m */,
				9BFF6D87209B2C82003457D4 /* WLApplyChargerRecordCellTableViewCell.xib */,
			);
			path = "我的换电";
			sourceTree = "<group>";
		};
		9B97772C209BD8600068D5C1 /* 客服 */ = {
			isa = PBXGroup;
			children = (
				9B97772D209BD8BA0068D5C1 /* WLCustomerServiceViewController.h */,
				9B97772E209BD8BA0068D5C1 /* WLCustomerServiceViewController.m */,
				9B97772F209BD8BA0068D5C1 /* WLCustomerServiceViewController.xib */,
			);
			path = "客服";
			sourceTree = "<group>";
		};
		9BB5BDB3209447200076DDB7 = {
			isa = PBXGroup;
			children = (
				9BB5BDBE209447200076DDB7 /* ckd */,
				9BB5BDD7209447200076DDB7 /* ckdTests */,
				9BB5BDE2209447200076DDB7 /* ckdUITests */,
				9BB5BDBD209447200076DDB7 /* Products */,
				F877386CB69D313AF296F6E9 /* Pods */,
				AE31A021958DE2D6A16B0E9A /* Frameworks */,
			);
			sourceTree = "<group>";
		};
		9BB5BDBD209447200076DDB7 /* Products */ = {
			isa = PBXGroup;
			children = (
				9BB5BDBC209447200076DDB7 /* ckd.app */,
				9BB5BDD4209447200076DDB7 /* ckdTests.xctest */,
				9BB5BDDF209447200076DDB7 /* ckdUITests.xctest */,
			);
			name = Products;
			sourceTree = "<group>";
		};
		9BB5BDBE209447200076DDB7 /* ckd */ = {
			isa = PBXGroup;
			children = (
				9BB5BDF3209453430076DDB7 /* Platform */,
				9BB5BDF2209453390076DDB7 /* 我的 */,
				9B006B292098B30C00CDEFD0 /* 消息中心 */,
				9BB5BE0120946E0A0076DDB7 /* 登录页面 */,
				9B720DBA209765AC00D88704 /* 扫一扫 */,
				9B97772C209BD8600068D5C1 /* 客服 */,
				9BB5BDF1209453240076DDB7 /* 首页 */,
				9B006B0F2097F66800CDEFD0 /* 模型 */,
				9B9776B920995BFE0068D5C1 /* 支付 */,
				9BB5BDBF209447200076DDB7 /* AppDelegate.h */,
				9BB5BDC0209447200076DDB7 /* AppDelegate.mm */,
				9BB5BDC8209447200076DDB7 /* Assets.xcassets */,
				9BB5BDCA209447200076DDB7 /* LaunchScreen.storyboard */,
				9BB5BDCD209447200076DDB7 /* Info.plist */,
				9BB5BDCE209447200076DDB7 /* main.m */,
				9B97773E209FF1FA0068D5C1 /* QueryApiList.plist */,
			);
			path = ckd;
			sourceTree = "<group>";
		};
		9BB5BDD7209447200076DDB7 /* ckdTests */ = {
			isa = PBXGroup;
			children = (
				9BB5BDD8209447200076DDB7 /* ckdTests.m */,
				9BB5BDDA209447200076DDB7 /* Info.plist */,
			);
			path = ckdTests;
			sourceTree = "<group>";
		};
		9BB5BDE2209447200076DDB7 /* ckdUITests */ = {
			isa = PBXGroup;
			children = (
				9BB5BDE3209447200076DDB7 /* ckdUITests.m */,
				9BB5BDE5209447200076DDB7 /* Info.plist */,
			);
			path = ckdUITests;
			sourceTree = "<group>";
		};
		9BB5BDF1209453240076DDB7 /* 首页 */ = {
			isa = PBXGroup;
			children = (
				9BB5BDFA209453DF0076DDB7 /* WLHomeViewController.h */,
				9BB5BDFB209453DF0076DDB7 /* WLHomeViewController.m */,
				9B4CEDB920974E9D00F20FB5 /* WLMapViewController.h */,
				9B4CEDBA20974E9D00F20FB5 /* WLMapViewController.m */,
				9B720DB7209759E400D88704 /* WLMapAnnotationView.h */,
				9B720DB8209759E400D88704 /* WLMapAnnotationView.m */,
				9B9776C62099A5400068D5C1 /* WLPointAnnotation.h */,
				9B9776C72099A5400068D5C1 /* WLPointAnnotation.m */,
				9B9776C92099AEEC0068D5C1 /* WLStationDetailPromptView.h */,
				9B9776CA2099AEEC0068D5C1 /* WLStationDetailPromptView.m */,
				9B9776CC2099AEFC0068D5C1 /* WLStationDetailPromptView.xib */,
				9B4CEDB620974A3700F20FB5 /* MapViewBaseDemoViewController.h */,
				9B4CEDB720974A3700F20FB5 /* MapViewBaseDemoViewController.mm */,
			);
			path = "首页";
			sourceTree = "<group>";
		};
		9BB5BDF2209453390076DDB7 /* 我的 */ = {
			isa = PBXGroup;
			children = (
				9B01A02A20960B0600365BB8 /* 设置 */,
				9B977725209AF9140068D5C1 /* 我的换电 */,
				9B006B2D2098B99A00CDEFD0 /* 我的账户 */,
				9BB5BDFE20946AE90076DDB7 /* WLProfileViewController.h */,
				9BB5BDFF20946AE90076DDB7 /* WLProfileViewController.m */,
				9B634D27209D978A00A5CB31 /* WLProfileViewController.xib */,
				9B0211FC209F0E9200282AF1 /* WLUserInfoMaintainance.h */,
				9B0211FD209F0E9200282AF1 /* WLUserInfoMaintainance.m */,
				9B634D29209DAC4600A5CB31 /* WLProfileInformationViewController.h */,
				9B634D2A209DAC4600A5CB31 /* WLProfileInformationViewController.m */,
				9B634D2B209DAC4600A5CB31 /* WLProfileInformationViewController.xib */,
				9B0211EE209E9ECE00282AF1 /* WLPaidRecordViewController.h */,
				9B0211EF209E9ECE00282AF1 /* WLPaidRecordViewController.m */,
				9B0211F7209EA38D00282AF1 /* WLPaidRecordViewController.xib */,
				9B0211FF209F1F0900282AF1 /* WLPaidRecordCell.h */,
				9B021200209F1F0900282AF1 /* WLPaidRecordCell.m */,
				9B021201209F1F0900282AF1 /* WLPaidRecordCell.xib */,
				9B0211F1209E9F4C00282AF1 /* WLRecordEmptyView.h */,
				9B0211F2209E9F4C00282AF1 /* WLRecordEmptyView.m */,
				9B01A0222095F57C00365BB8 /* WLProfileView.h */,
				9B01A0232095F57C00365BB8 /* WLProfileView.m */,
				9B01A0252095FCBA00365BB8 /* WLProfileItemsCell.h */,
				9B01A0262095FCBA00365BB8 /* WLProfileItemsCell.m */,
				9B01A0272095FCBA00365BB8 /* WLProfileItemsCell.xib */,
			);
			path = "我的";
			sourceTree = "<group>";
		};
		9BB5BDF3209453430076DDB7 /* Platform */ = {
			isa = PBXGroup;
			children = (
				9BB5BDFD209469130076DDB7 /* WLPlatform.h */,
				9BB5BDF4209453850076DDB7 /* WLBaseNavigationViewController.h */,
				9BB5BDF5209453850076DDB7 /* WLBaseNavigationViewController.m */,
				9BB5BDF7209453C90076DDB7 /* WLBaseUIViewController.h */,
				9BB5BDF8209453C90076DDB7 /* WLBaseUIViewController.m */,
				9B0013CD209A03980081F65D /* WLBootViewController.h */,
				9B0013CE209A03980081F65D /* WLBootViewController.m */,
				9B4552FE2096F31F00C6C447 /* WLNetworkTool.h */,
				9B4552FF2096F31F00C6C447 /* WLNetworkTool.m */,
				9B4553012096F3B000C6C447 /* WLUtilities.h */,
				9B4553022096F3B000C6C447 /* WLUtilities.m */,
				9B634D1F209D7CEB00A5CB31 /* WLCommonTool.h */,
				9B634D20209D7CEB00A5CB31 /* WLCommonTool.m */,
				9B0211E8209E90AD00282AF1 /* WLCommonAPI.h */,
				9B0211E9209E90AD00282AF1 /* WLCommonAPI.m */,
				9B0211F9209EB16400282AF1 /* WLWebViewController.h */,
				9B0211FA209EB16400282AF1 /* WLWebViewController.m */,
				9B02AFBC20A332A900D95B9A /* UIButton+WLVerticalImageTitle.h */,
				9B02AFBD20A332A900D95B9A /* UIButton+WLVerticalImageTitle.m */,
				9BF70F1620A49891001E4B7A /* WLConfigHostViewController.h */,
				9BF70F1720A49891001E4B7A /* WLConfigHostViewController.m */,
			);
			path = Platform;
			sourceTree = "<group>";
		};
		9BB5BE0120946E0A0076DDB7 /* 登录页面 */ = {
			isa = PBXGroup;
			children = (
				9BB5BE0220946E270076DDB7 /* WLLoginViewController.h */,
				9BB5BE0320946E270076DDB7 /* WLLoginViewController.m */,
				9B01A01F2095DB9400365BB8 /* WLLoginView.h */,
				9B01A0202095DB9400365BB8 /* WLLoginView.m */,
				9B634D22209D830300A5CB31 /* WLCertificationController.h */,
				9B634D23209D830300A5CB31 /* WLCertificationController.m */,
				9B634D24209D830300A5CB31 /* WLCertificationController.xib */,
				9B0211EB209E94B600282AF1 /* WLChosenItemsView.h */,
				9B0211EC209E94B600282AF1 /* WLChosenItemsView.m */,
				9B0013C8209A00150081F65D /* WLRealNameAuthenticationViewController.h */,
				9B0013C9209A00150081F65D /* WLRealNameAuthenticationViewController.m */,
				9B0013CA209A00150081F65D /* WLRealNameAuthenticationViewController.xib */,
				9B0013D0209A08020081F65D /* WLPaidDepositViewController.h */,
				9B0013D1209A08020081F65D /* WLPaidDepositViewController.m */,
				9B0013D2209A08020081F65D /* WLPaidDepositViewController.xib */,
			);
			path = "登录页面";
			sourceTree = "<group>";
		};
		AE31A021958DE2D6A16B0E9A /* Frameworks */ = {
			isa = PBXGroup;
			children = (
				1C55BFB4F50FBC05650FEF77 /* libPods-ckd.a */,
			);
			name = Frameworks;
			sourceTree = "<group>";
		};
		F877386CB69D313AF296F6E9 /* Pods */ = {
			isa = PBXGroup;
			children = (
				CEE767F063C76A7AE601455B /* Pods-ckd.debug.xcconfig */,
				70750EA903547B5CF0F8D141 /* Pods-ckd.release.xcconfig */,
			);
			name = Pods;
			sourceTree = "<group>";
		};
/* End PBXGroup section */

/* Begin PBXNativeTarget section */
		9BB5BDBB209447200076DDB7 /* ckd */ = {
			isa = PBXNativeTarget;
			buildConfigurationList = 9BB5BDE8209447200076DDB7 /* Build configuration list for PBXNativeTarget "ckd" */;
			buildPhases = (
				BFC01C9D585849A6D3ED1FAD /* [CP] Check Pods Manifest.lock */,
				9BB5BDB8209447200076DDB7 /* Sources */,
				9BB5BDB9209447200076DDB7 /* Frameworks */,
				9BB5BDBA209447200076DDB7 /* Resources */,
				F00B1212964091A2B26E4239 /* [CP] Copy Pods Resources */,
				9B8E8E6C20A28E9A009A71AC /* ShellScript */,
			);
			buildRules = (
			);
			dependencies = (
			);
			name = ckd;
			productName = ckd;
			productReference = 9BB5BDBC209447200076DDB7 /* ckd.app */;
			productType = "com.apple.product-type.application";
		};
		9BB5BDD3209447200076DDB7 /* ckdTests */ = {
			isa = PBXNativeTarget;
			buildConfigurationList = 9BB5BDEB209447200076DDB7 /* Build configuration list for PBXNativeTarget "ckdTests" */;
			buildPhases = (
				9BB5BDD0209447200076DDB7 /* Sources */,
				9BB5BDD1209447200076DDB7 /* Frameworks */,
				9BB5BDD2209447200076DDB7 /* Resources */,
			);
			buildRules = (
			);
			dependencies = (
				9BB5BDD6209447200076DDB7 /* PBXTargetDependency */,
			);
			name = ckdTests;
			productName = ckdTests;
			productReference = 9BB5BDD4209447200076DDB7 /* ckdTests.xctest */;
			productType = "com.apple.product-type.bundle.unit-test";
		};
		9BB5BDDE209447200076DDB7 /* ckdUITests */ = {
			isa = PBXNativeTarget;
			buildConfigurationList = 9BB5BDEE209447200076DDB7 /* Build configuration list for PBXNativeTarget "ckdUITests" */;
			buildPhases = (
				9BB5BDDB209447200076DDB7 /* Sources */,
				9BB5BDDC209447200076DDB7 /* Frameworks */,
				9BB5BDDD209447200076DDB7 /* Resources */,
			);
			buildRules = (
			);
			dependencies = (
				9BB5BDE1209447200076DDB7 /* PBXTargetDependency */,
			);
			name = ckdUITests;
			productName = ckdUITests;
			productReference = 9BB5BDDF209447200076DDB7 /* ckdUITests.xctest */;
			productType = "com.apple.product-type.bundle.ui-testing";
		};
/* End PBXNativeTarget section */

/* Begin PBXProject section */
		9BB5BDB4209447200076DDB7 /* Project object */ = {
			isa = PBXProject;
			attributes = {
				CLASSPREFIX = WL;
				LastUpgradeCheck = 0920;
				ORGANIZATIONNAME = wanglei;
				TargetAttributes = {
					9BB5BDBB209447200076DDB7 = {
						CreatedOnToolsVersion = 9.2;
						ProvisioningStyle = Manual;
					};
					9BB5BDD3209447200076DDB7 = {
						CreatedOnToolsVersion = 9.2;
						ProvisioningStyle = Automatic;
						TestTargetID = 9BB5BDBB209447200076DDB7;
					};
					9BB5BDDE209447200076DDB7 = {
						CreatedOnToolsVersion = 9.2;
						ProvisioningStyle = Automatic;
						TestTargetID = 9BB5BDBB209447200076DDB7;
					};
				};
			};
			buildConfigurationList = 9BB5BDB7209447200076DDB7 /* Build configuration list for PBXProject "ckd" */;
			compatibilityVersion = "Xcode 8.0";
			developmentRegion = en;
			hasScannedForEncodings = 0;
			knownRegions = (
				en,
				Base,
			);
			mainGroup = 9BB5BDB3209447200076DDB7;
			productRefGroup = 9BB5BDBD209447200076DDB7 /* Products */;
			projectDirPath = "";
			projectRoot = "";
			targets = (
				9BB5BDBB209447200076DDB7 /* ckd */,
				9BB5BDD3209447200076DDB7 /* ckdTests */,
				9BB5BDDE209447200076DDB7 /* ckdUITests */,
			);
		};
/* End PBXProject section */

/* Begin PBXResourcesBuildPhase section */
		9BB5BDBA209447200076DDB7 /* Resources */ = {
			isa = PBXResourcesBuildPhase;
			buildActionMask = 2147483647;
			files = (
				9B634D2D209DAC4600A5CB31 /* WLProfileInformationViewController.xib in Resources */,
				9B977731209BD8BA0068D5C1 /* WLCustomerServiceViewController.xib in Resources */,
				9B634D28209D978A00A5CB31 /* WLProfileViewController.xib in Resources */,
				9B97773F209FF1FA0068D5C1 /* QueryApiList.plist in Resources */,
				9BB5BDCC209447200076DDB7 /* LaunchScreen.storyboard in Resources */,
				9B97772B209B02530068D5C1 /* WLMyAccountView.xib in Resources */,
				9B01A0292095FCBA00365BB8 /* WLProfileItemsCell.xib in Resources */,
				9BFF6D93209B4252003457D4 /* WLChangeTelephoneNumberViewController.xib in Resources */,
				9B0013CC209A00150081F65D /* WLRealNameAuthenticationViewController.xib in Resources */,
				9BB5BDC9209447200076DDB7 /* Assets.xcassets in Resources */,
				9BFF6D89209B2C82003457D4 /* WLApplyChargerRecordCellTableViewCell.xib in Resources */,
				9B0211F8209EA38D00282AF1 /* WLPaidRecordViewController.xib in Resources */,
				9B9776CD2099AEFC0068D5C1 /* WLStationDetailPromptView.xib in Resources */,
				9B01A03620960D6800365BB8 /* WLSettingsViewController.storyboard in Resources */,
				9BFF6D8E209B307D003457D4 /* WLSettingDetailViewController.xib in Resources */,
				9B0013D4209A08020081F65D /* WLPaidDepositViewController.xib in Resources */,
				9B006B2820985AE400CDEFD0 /* WLRealNameIdentifyCell.xib in Resources */,
				9B634D26209D830300A5CB31 /* WLCertificationController.xib in Resources */,
				9B021203209F1F0900282AF1 /* WLPaidRecordCell.xib in Resources */,
			);
			runOnlyForDeploymentPostprocessing = 0;
		};
		9BB5BDD2209447200076DDB7 /* Resources */ = {
			isa = PBXResourcesBuildPhase;
			buildActionMask = 2147483647;
			files = (
			);
			runOnlyForDeploymentPostprocessing = 0;
		};
		9BB5BDDD209447200076DDB7 /* Resources */ = {
			isa = PBXResourcesBuildPhase;
			buildActionMask = 2147483647;
			files = (
			);
			runOnlyForDeploymentPostprocessing = 0;
		};
/* End PBXResourcesBuildPhase section */

/* Begin PBXShellScriptBuildPhase section */
		9B8E8E6C20A28E9A009A71AC /* ShellScript */ = {
			isa = PBXShellScriptBuildPhase;
			buildActionMask = 2147483647;
			files = (
			);
			inputPaths = (
			);
			outputPaths = (
			);
			runOnlyForDeploymentPostprocessing = 0;
			shellPath = /bin/sh;
			shellScript = "#!/bin/bash\nbuildNumber=$(/usr/libexec/PlistBuddy -c \"Print CFBundleVersion\" \"$INFOPLIST_FILE\")\nbuildNumber=$(($buildNumber + 1))\n/usr/libexec/PlistBuddy -c \"Set :CFBundleVersion $buildNumber\" \"$INFOPLIST_FILE\"";
		};
		BFC01C9D585849A6D3ED1FAD /* [CP] Check Pods Manifest.lock */ = {
			isa = PBXShellScriptBuildPhase;
			buildActionMask = 2147483647;
			files = (
			);
			inputPaths = (
				"${PODS_PODFILE_DIR_PATH}/Podfile.lock",
				"${PODS_ROOT}/Manifest.lock",
			);
			name = "[CP] Check Pods Manifest.lock";
			outputPaths = (
				"$(DERIVED_FILE_DIR)/Pods-ckd-checkManifestLockResult.txt",
			);
			runOnlyForDeploymentPostprocessing = 0;
			shellPath = /bin/sh;
			shellScript = "diff \"${PODS_PODFILE_DIR_PATH}/Podfile.lock\" \"${PODS_ROOT}/Manifest.lock\" > /dev/null\nif [ $? != 0 ] ; then\n    # print error to STDERR\n    echo \"error: The sandbox is not in sync with the Podfile.lock. Run 'pod install' or update your CocoaPods installation.\" >&2\n    exit 1\nfi\n# This output is used by Xcode 'outputs' to avoid re-running this script phase.\necho \"SUCCESS\" > \"${SCRIPT_OUTPUT_FILE_0}\"\n";
			showEnvVarsInLog = 0;
		};
		F00B1212964091A2B26E4239 /* [CP] Copy Pods Resources */ = {
			isa = PBXShellScriptBuildPhase;
			buildActionMask = 2147483647;
			files = (
			);
			inputPaths = (
				"${SRCROOT}/Pods/Target Support Files/Pods-ckd/Pods-ckd-resources.sh",
				"${PODS_ROOT}/BaiduMapKit/BaiduMapKit/BaiduMapAPI_Map.framework/Resources/mapapi.bundle",
				"${PODS_ROOT}/ProgressHUD/ProgressHUD/ProgressHUD/ProgressHUD.bundle",
				"${PODS_ROOT}/SGQRCode/SGQRCode/SGQRCode.bundle",
			);
			name = "[CP] Copy Pods Resources";
			outputPaths = (
				"${TARGET_BUILD_DIR}/${UNLOCALIZED_RESOURCES_FOLDER_PATH}/mapapi.bundle",
				"${TARGET_BUILD_DIR}/${UNLOCALIZED_RESOURCES_FOLDER_PATH}/ProgressHUD.bundle",
				"${TARGET_BUILD_DIR}/${UNLOCALIZED_RESOURCES_FOLDER_PATH}/SGQRCode.bundle",
			);
			runOnlyForDeploymentPostprocessing = 0;
			shellPath = /bin/sh;
			shellScript = "\"${SRCROOT}/Pods/Target Support Files/Pods-ckd/Pods-ckd-resources.sh\"\n";
			showEnvVarsInLog = 0;
		};
/* End PBXShellScriptBuildPhase section */

/* Begin PBXSourcesBuildPhase section */
		9BB5BDB8209447200076DDB7 /* Sources */ = {
			isa = PBXSourcesBuildPhase;
			buildActionMask = 2147483647;
			files = (
				9B0211EA209E90AD00282AF1 /* WLCommonAPI.m in Sources */,
				9B006B122097F69700CDEFD0 /* WLQuickLoginModel.m in Sources */,
				9B634D2C209DAC4600A5CB31 /* WLProfileInformationViewController.m in Sources */,
				9BF70F1820A49891001E4B7A /* WLConfigHostViewController.m in Sources */,
				9B0211F6209EA23C00282AF1 /* WLPaidRecordModel.m in Sources */,
				9B4CEDB820974A3700F20FB5 /* MapViewBaseDemoViewController.mm in Sources */,
				9B9E05B020A06CC000F5F045 /* WLQueryPriceInfoModel.m in Sources */,
				9B977729209AF9540068D5C1 /* WLMyApplyChargerRecordViewController.m in Sources */,
				9BB5BDF6209453850076DDB7 /* WLBaseNavigationViewController.m in Sources */,
				9B97771E209AB49F0068D5C1 /* WLDepositStatusModel.m in Sources */,
				9B02AFBE20A332A900D95B9A /* UIButton+WLVerticalImageTitle.m in Sources */,
				9BFF6D8D209B307D003457D4 /* WLSettingDetailViewController.m in Sources */,
				9BB5BE0020946AE90076DDB7 /* WLProfileViewController.m in Sources */,
				9B977730209BD8BA0068D5C1 /* WLCustomerServiceViewController.m in Sources */,
				9B97771B209AB04F0068D5C1 /* WLAquireChargerModel.m in Sources */,
				9BB5BE0420946E270076DDB7 /* WLLoginViewController.m in Sources */,
				9B4553002096F31F00C6C447 /* WLNetworkTool.m in Sources */,
				9B4552FD2096DB3400C6C447 /* WLProfileDetailsViewController.m in Sources */,
				9B0013CF209A03980081F65D /* WLBootViewController.m in Sources */,
				9B006B152097FC3200CDEFD0 /* WLChargerStationModel.m in Sources */,
				9B006B232098561300CDEFD0 /* WLRealNameIdentifyViewController.m in Sources */,
				9B9776C2209989720068D5C1 /* WLEachChargerStationModel.m in Sources */,
				9B0013CB209A00150081F65D /* WLRealNameAuthenticationViewController.m in Sources */,
				9B977721209AB6400068D5C1 /* WLExpireTimeModel.m in Sources */,
				9B720DBD209765D400D88704 /* WLScanBitCodeViewController.m in Sources */,
				9B01A0242095F57C00365BB8 /* WLProfileView.m in Sources */,
				9B4CEDBB20974E9D00F20FB5 /* WLMapViewController.m in Sources */,
				9BB5BDF9209453C90076DDB7 /* WLBaseUIViewController.m in Sources */,
				9BB5BDCF209447200076DDB7 /* main.m in Sources */,
				9B006B2C2098B32D00CDEFD0 /* WLNewsCenterViewController.m in Sources */,
				9BB5BDFC209453DF0076DDB7 /* WLHomeViewController.m in Sources */,
				9B634D21209D7CEB00A5CB31 /* WLCommonTool.m in Sources */,
				9B006B302098BA6D00CDEFD0 /* WLMyAccountController.m in Sources */,
				9B634D33209DAF6F00A5CB31 /* WLQingLoginModel.m in Sources */,
				9B0211F3209E9F4C00282AF1 /* WLRecordEmptyView.m in Sources */,
				9B0211FB209EB16400282AF1 /* WLWebViewController.m in Sources */,
				9B0211ED209E94B600282AF1 /* WLChosenItemsView.m in Sources */,
				9B9776BF20995CD50068D5C1 /* WLInitPayModel.m in Sources */,
				9B0013D3209A08020081F65D /* WLPaidDepositViewController.m in Sources */,
				9B977724209ADCEF0068D5C1 /* WLDataMD5.m in Sources */,
				9B4553032096F3B000C6C447 /* WLUtilities.m in Sources */,
				9B9776BC20995C1D0068D5C1 /* WLWePay.m in Sources */,
				9B9776C82099A5400068D5C1 /* WLPointAnnotation.m in Sources */,
				9B720DB9209759E400D88704 /* WLMapAnnotationView.m in Sources */,
				9B021202209F1F0900282AF1 /* WLPaidRecordCell.m in Sources */,
				9B977718209AAC300068D5C1 /* WLInquireCostDetailModel.m in Sources */,
				9B006B2620985AA000CDEFD0 /* WLRealNameIdentifyCell.m in Sources */,
				9B9776CB2099AEEC0068D5C1 /* WLStationDetailPromptView.m in Sources */,
				9B634D25209D830300A5CB31 /* WLCertificationController.m in Sources */,
				9B0211F0209E9ECE00282AF1 /* WLPaidRecordViewController.m in Sources */,
				9B01A0282095FCBA00365BB8 /* WLProfileItemsCell.m in Sources */,
				9B0211FE209F0E9200282AF1 /* WLUserInfoMaintainance.m in Sources */,
				9BB5BDC1209447200076DDB7 /* AppDelegate.mm in Sources */,
				9B977714209AA8A90068D5C1 /* WLChargerRecord.m in Sources */,
				9BFF6D92209B4252003457D4 /* WLChangeTelephoneNumberViewController.m in Sources */,
				9BFF6D88209B2C82003457D4 /* WLApplyChargerRecordCellTableViewCell.m in Sources */,
				9B01A0212095DB9400365BB8 /* WLLoginView.m in Sources */,
			);
			runOnlyForDeploymentPostprocessing = 0;
		};
		9BB5BDD0209447200076DDB7 /* Sources */ = {
			isa = PBXSourcesBuildPhase;
			buildActionMask = 2147483647;
			files = (
				9BB5BDD9209447200076DDB7 /* ckdTests.m in Sources */,
			);
			runOnlyForDeploymentPostprocessing = 0;
		};
		9BB5BDDB209447200076DDB7 /* Sources */ = {
			isa = PBXSourcesBuildPhase;
			buildActionMask = 2147483647;
			files = (
				9BB5BDE4209447200076DDB7 /* ckdUITests.m in Sources */,
			);
			runOnlyForDeploymentPostprocessing = 0;
		};
/* End PBXSourcesBuildPhase section */

/* Begin PBXTargetDependency section */
		9BB5BDD6209447200076DDB7 /* PBXTargetDependency */ = {
			isa = PBXTargetDependency;
			target = 9BB5BDBB209447200076DDB7 /* ckd */;
			targetProxy = 9BB5BDD5209447200076DDB7 /* PBXContainerItemProxy */;
		};
		9BB5BDE1209447200076DDB7 /* PBXTargetDependency */ = {
			isa = PBXTargetDependency;
			target = 9BB5BDBB209447200076DDB7 /* ckd */;
			targetProxy = 9BB5BDE0209447200076DDB7 /* PBXContainerItemProxy */;
		};
/* End PBXTargetDependency section */

/* Begin PBXVariantGroup section */
		9BB5BDCA209447200076DDB7 /* LaunchScreen.storyboard */ = {
			isa = PBXVariantGroup;
			children = (
				9BB5BDCB209447200076DDB7 /* Base */,
			);
			name = LaunchScreen.storyboard;
			sourceTree = "<group>";
		};
/* End PBXVariantGroup section */

/* Begin XCBuildConfiguration section */
		9BB5BDE6209447200076DDB7 /* Debug */ = {
			isa = XCBuildConfiguration;
			buildSettings = {
				ALWAYS_SEARCH_USER_PATHS = NO;
				CLANG_ANALYZER_NONNULL = YES;
				CLANG_ANALYZER_NUMBER_OBJECT_CONVERSION = YES_AGGRESSIVE;
				CLANG_CXX_LANGUAGE_STANDARD = "gnu++14";
				CLANG_CXX_LIBRARY = "libc++";
				CLANG_ENABLE_MODULES = YES;
				CLANG_ENABLE_OBJC_ARC = YES;
				CLANG_WARN_BLOCK_CAPTURE_AUTORELEASING = YES;
				CLANG_WARN_BOOL_CONVERSION = YES;
				CLANG_WARN_COMMA = YES;
				CLANG_WARN_CONSTANT_CONVERSION = YES;
				CLANG_WARN_DIRECT_OBJC_ISA_USAGE = YES_ERROR;
				CLANG_WARN_DOCUMENTATION_COMMENTS = YES;
				CLANG_WARN_EMPTY_BODY = YES;
				CLANG_WARN_ENUM_CONVERSION = YES;
				CLANG_WARN_INFINITE_RECURSION = YES;
				CLANG_WARN_INT_CONVERSION = YES;
				CLANG_WARN_NON_LITERAL_NULL_CONVERSION = YES;
				CLANG_WARN_OBJC_LITERAL_CONVERSION = YES;
				CLANG_WARN_OBJC_ROOT_CLASS = YES_ERROR;
				CLANG_WARN_RANGE_LOOP_ANALYSIS = YES;
				CLANG_WARN_STRICT_PROTOTYPES = YES;
				CLANG_WARN_SUSPICIOUS_MOVE = YES;
				CLANG_WARN_UNGUARDED_AVAILABILITY = YES_AGGRESSIVE;
				CLANG_WARN_UNREACHABLE_CODE = YES;
				CLANG_WARN__DUPLICATE_METHOD_MATCH = YES;
				CODE_SIGN_IDENTITY = "iPhone Developer";
				COPY_PHASE_STRIP = NO;
				DEBUG_INFORMATION_FORMAT = dwarf;
				ENABLE_BITCODE = NO;
				ENABLE_STRICT_OBJC_MSGSEND = YES;
				ENABLE_TESTABILITY = YES;
				GCC_C_LANGUAGE_STANDARD = gnu11;
				GCC_DYNAMIC_NO_PIC = NO;
				GCC_NO_COMMON_BLOCKS = YES;
				GCC_OPTIMIZATION_LEVEL = 0;
				GCC_PREPROCESSOR_DEFINITIONS = (
					"DEBUG=1",
					"$(inherited)",
				);
				GCC_WARN_64_TO_32_BIT_CONVERSION = YES;
				GCC_WARN_ABOUT_RETURN_TYPE = YES_ERROR;
				GCC_WARN_UNDECLARED_SELECTOR = YES;
				GCC_WARN_UNINITIALIZED_AUTOS = YES_AGGRESSIVE;
				GCC_WARN_UNUSED_FUNCTION = YES;
				GCC_WARN_UNUSED_VARIABLE = YES;
				IPHONEOS_DEPLOYMENT_TARGET = 11.2;
				MTL_ENABLE_DEBUG_INFO = YES;
				ONLY_ACTIVE_ARCH = YES;
				SDKROOT = iphoneos;
			};
			name = Debug;
		};
		9BB5BDE7209447200076DDB7 /* Release */ = {
			isa = XCBuildConfiguration;
			buildSettings = {
				ALWAYS_SEARCH_USER_PATHS = NO;
				CLANG_ANALYZER_NONNULL = YES;
				CLANG_ANALYZER_NUMBER_OBJECT_CONVERSION = YES_AGGRESSIVE;
				CLANG_CXX_LANGUAGE_STANDARD = "gnu++14";
				CLANG_CXX_LIBRARY = "libc++";
				CLANG_ENABLE_MODULES = YES;
				CLANG_ENABLE_OBJC_ARC = YES;
				CLANG_WARN_BLOCK_CAPTURE_AUTORELEASING = YES;
				CLANG_WARN_BOOL_CONVERSION = YES;
				CLANG_WARN_COMMA = YES;
				CLANG_WARN_CONSTANT_CONVERSION = YES;
				CLANG_WARN_DIRECT_OBJC_ISA_USAGE = YES_ERROR;
				CLANG_WARN_DOCUMENTATION_COMMENTS = YES;
				CLANG_WARN_EMPTY_BODY = YES;
				CLANG_WARN_ENUM_CONVERSION = YES;
				CLANG_WARN_INFINITE_RECURSION = YES;
				CLANG_WARN_INT_CONVERSION = YES;
				CLANG_WARN_NON_LITERAL_NULL_CONVERSION = YES;
				CLANG_WARN_OBJC_LITERAL_CONVERSION = YES;
				CLANG_WARN_OBJC_ROOT_CLASS = YES_ERROR;
				CLANG_WARN_RANGE_LOOP_ANALYSIS = YES;
				CLANG_WARN_STRICT_PROTOTYPES = YES;
				CLANG_WARN_SUSPICIOUS_MOVE = YES;
				CLANG_WARN_UNGUARDED_AVAILABILITY = YES_AGGRESSIVE;
				CLANG_WARN_UNREACHABLE_CODE = YES;
				CLANG_WARN__DUPLICATE_METHOD_MATCH = YES;
				CODE_SIGN_IDENTITY = "iPhone Developer";
				COPY_PHASE_STRIP = NO;
				DEBUG_INFORMATION_FORMAT = "dwarf-with-dsym";
				ENABLE_BITCODE = NO;
				ENABLE_NS_ASSERTIONS = NO;
				ENABLE_STRICT_OBJC_MSGSEND = YES;
				GCC_C_LANGUAGE_STANDARD = gnu11;
				GCC_NO_COMMON_BLOCKS = YES;
				GCC_WARN_64_TO_32_BIT_CONVERSION = YES;
				GCC_WARN_ABOUT_RETURN_TYPE = YES_ERROR;
				GCC_WARN_UNDECLARED_SELECTOR = YES;
				GCC_WARN_UNINITIALIZED_AUTOS = YES_AGGRESSIVE;
				GCC_WARN_UNUSED_FUNCTION = YES;
				GCC_WARN_UNUSED_VARIABLE = YES;
				IPHONEOS_DEPLOYMENT_TARGET = 11.2;
				MTL_ENABLE_DEBUG_INFO = NO;
				SDKROOT = iphoneos;
				VALIDATE_PRODUCT = YES;
			};
			name = Release;
		};
		9BB5BDE9209447200076DDB7 /* Debug */ = {
			isa = XCBuildConfiguration;
			baseConfigurationReference = CEE767F063C76A7AE601455B /* Pods-ckd.debug.xcconfig */;
			buildSettings = {
				ASSETCATALOG_COMPILER_APPICON_NAME = AppIcon;
				CODE_SIGN_IDENTITY = "iPhone Distribution";
				"CODE_SIGN_IDENTITY[sdk=iphoneos*]" = "iPhone Developer";
				CODE_SIGN_STYLE = Manual;
				DEVELOPMENT_TEAM = SX6PFU3TZD;
				ENABLE_BITCODE = NO;
				INFOPLIST_FILE = ckd/Info.plist;
				IPHONEOS_DEPLOYMENT_TARGET = 9.0;
				LD_RUNPATH_SEARCH_PATHS = "$(inherited) @executable_path/Frameworks";
				OTHER_LDFLAGS = (
					"$(inherited)",
					"-ObjC",
					"-l\"AFNetworking\"",
					"-l\"MJExtension\"",
					"-l\"Masonry\"",
					"-l\"ProgressHUD\"",
					"-l\"SGQRCode\"",
					"-l\"WeChatSDK\"",
					"-l\"c++\"",
					"-l\"crypto\"",
					"-l\"sqlite3\"",
					"-l\"sqlite3.0\"",
					"-l\"ssl\"",
					"-l\"z\"",
					"-framework",
					"\"BaiduMapAPI_Base\"",
					"-framework",
					"\"BaiduMapAPI_Cloud\"",
					"-framework",
					"\"BaiduMapAPI_Location\"",
					"-framework",
					"\"BaiduMapAPI_Map\"",
					"-framework",
					"\"BaiduMapAPI_Radar\"",
					"-framework",
					"\"BaiduMapAPI_Search\"",
					"-framework",
					"\"BaiduMapAPI_Utils\"",
					"-framework",
					"\"CFNetwork\"",
					"-framework",
					"\"CoreGraphics\"",
					"-framework",
					"\"CoreLocation\"",
					"-framework",
					"\"CoreTelephony\"",
					"-framework",
					"\"Foundation\"",
					"-framework",
					"\"MobileCoreServices\"",
					"-framework",
					"\"OpenGLES\"",
					"-framework",
					"\"QuartzCore\"",
					"-framework",
					"\"Security\"",
					"-framework",
					"\"SecurityEnvSDK\"",
					"-framework",
					"\"SystemConfiguration\"",
					"-framework",
					"\"UIKit\"",
					"-framework",
					"\"UMAnalytics\"",
					"-framework",
					"\"UMCommon\"",
					"-framework",
					"\"UTDID\"",
				);
				PRODUCT_BUNDLE_IDENTIFIER = com.qbkj.chdhd;
				PRODUCT_NAME = "$(TARGET_NAME)";
				PROVISIONING_PROFILE = "3b0e8444-8ac8-444c-9a0d-65907aa35fac";
				PROVISIONING_PROFILE_SPECIFIER = "chdhd-dev01";
				TARGETED_DEVICE_FAMILY = "1,2";
			};
			name = Debug;
		};
		9BB5BDEA209447200076DDB7 /* Release */ = {
			isa = XCBuildConfiguration;
			baseConfigurationReference = 70750EA903547B5CF0F8D141 /* Pods-ckd.release.xcconfig */;
			buildSettings = {
				ASSETCATALOG_COMPILER_APPICON_NAME = AppIcon;
				CODE_SIGN_IDENTITY = "iPhone Developer";
				"CODE_SIGN_IDENTITY[sdk=iphoneos*]" = "iPhone Distribution";
				CODE_SIGN_STYLE = Manual;
				DEVELOPMENT_TEAM = SX6PFU3TZD;
				ENABLE_BITCODE = NO;
				INFOPLIST_FILE = ckd/Info.plist;
				IPHONEOS_DEPLOYMENT_TARGET = 9.0;
				LD_RUNPATH_SEARCH_PATHS = "$(inherited) @executable_path/Frameworks";
				OTHER_LDFLAGS = (
					"$(inherited)",
					"-ObjC",
					"-l\"AFNetworking\"",
					"-l\"MJExtension\"",
					"-l\"Masonry\"",
					"-l\"ProgressHUD\"",
					"-l\"SGQRCode\"",
					"-l\"WeChatSDK\"",
					"-l\"c++\"",
					"-l\"crypto\"",
					"-l\"sqlite3\"",
					"-l\"sqlite3.0\"",
					"-l\"ssl\"",
					"-l\"z\"",
					"-framework",
					"\"BaiduMapAPI_Base\"",
					"-framework",
					"\"BaiduMapAPI_Cloud\"",
					"-framework",
					"\"BaiduMapAPI_Location\"",
					"-framework",
					"\"BaiduMapAPI_Map\"",
					"-framework",
					"\"BaiduMapAPI_Radar\"",
					"-framework",
					"\"BaiduMapAPI_Search\"",
					"-framework",
					"\"BaiduMapAPI_Utils\"",
					"-framework",
					"\"CFNetwork\"",
					"-framework",
					"\"CoreGraphics\"",
					"-framework",
					"\"CoreLocation\"",
					"-framework",
					"\"CoreTelephony\"",
					"-framework",
					"\"Foundation\"",
					"-framework",
					"\"MobileCoreServices\"",
					"-framework",
					"\"OpenGLES\"",
					"-framework",
					"\"QuartzCore\"",
					"-framework",
					"\"Security\"",
					"-framework",
					"\"SecurityEnvSDK\"",
					"-framework",
					"\"SystemConfiguration\"",
					"-framework",
					"\"UIKit\"",
					"-framework",
					"\"UMAnalytics\"",
					"-framework",
					"\"UMCommon\"",
					"-framework",
					"\"UTDID\"",
				);
				PRODUCT_BUNDLE_IDENTIFIER = com.qbkj.chdhd;
				PRODUCT_NAME = "$(TARGET_NAME)";
				PROVISIONING_PROFILE = "9d0345e1-6184-47c7-bd92-df06f13ae596";
				PROVISIONING_PROFILE_SPECIFIER = "ckd-Adhoc1";
				TARGETED_DEVICE_FAMILY = "1,2";
			};
			name = Release;
		};
		9BB5BDEC209447200076DDB7 /* Debug */ = {
			isa = XCBuildConfiguration;
			buildSettings = {
				BUNDLE_LOADER = "$(TEST_HOST)";
				CODE_SIGN_STYLE = Automatic;
				DEVELOPMENT_TEAM = FL27D9E52C;
				INFOPLIST_FILE = ckdTests/Info.plist;
				LD_RUNPATH_SEARCH_PATHS = "$(inherited) @executable_path/Frameworks @loader_path/Frameworks";
				PRODUCT_BUNDLE_IDENTIFIER = wanglei.ckdTests;
				PRODUCT_NAME = "$(TARGET_NAME)";
				TARGETED_DEVICE_FAMILY = "1,2";
				TEST_HOST = "$(BUILT_PRODUCTS_DIR)/ckd.app/ckd";
			};
			name = Debug;
		};
		9BB5BDED209447200076DDB7 /* Release */ = {
			isa = XCBuildConfiguration;
			buildSettings = {
				BUNDLE_LOADER = "$(TEST_HOST)";
				CODE_SIGN_STYLE = Automatic;
				DEVELOPMENT_TEAM = FL27D9E52C;
				INFOPLIST_FILE = ckdTests/Info.plist;
				LD_RUNPATH_SEARCH_PATHS = "$(inherited) @executable_path/Frameworks @loader_path/Frameworks";
				PRODUCT_BUNDLE_IDENTIFIER = wanglei.ckdTests;
				PRODUCT_NAME = "$(TARGET_NAME)";
				TARGETED_DEVICE_FAMILY = "1,2";
				TEST_HOST = "$(BUILT_PRODUCTS_DIR)/ckd.app/ckd";
			};
			name = Release;
		};
		9BB5BDEF209447200076DDB7 /* Debug */ = {
			isa = XCBuildConfiguration;
			buildSettings = {
				CODE_SIGN_STYLE = Automatic;
				DEVELOPMENT_TEAM = FL27D9E52C;
				INFOPLIST_FILE = ckdUITests/Info.plist;
				LD_RUNPATH_SEARCH_PATHS = "$(inherited) @executable_path/Frameworks @loader_path/Frameworks";
				PRODUCT_BUNDLE_IDENTIFIER = wanglei.ckdUITests;
				PRODUCT_NAME = "$(TARGET_NAME)";
				TARGETED_DEVICE_FAMILY = "1,2";
				TEST_TARGET_NAME = ckd;
			};
			name = Debug;
		};
		9BB5BDF0209447200076DDB7 /* Release */ = {
			isa = XCBuildConfiguration;
			buildSettings = {
				CODE_SIGN_STYLE = Automatic;
				DEVELOPMENT_TEAM = FL27D9E52C;
				INFOPLIST_FILE = ckdUITests/Info.plist;
				LD_RUNPATH_SEARCH_PATHS = "$(inherited) @executable_path/Frameworks @loader_path/Frameworks";
				PRODUCT_BUNDLE_IDENTIFIER = wanglei.ckdUITests;
				PRODUCT_NAME = "$(TARGET_NAME)";
				TARGETED_DEVICE_FAMILY = "1,2";
				TEST_TARGET_NAME = ckd;
			};
			name = Release;
		};
/* End XCBuildConfiguration section */

/* Begin XCConfigurationList section */
		9BB5BDB7209447200076DDB7 /* Build configuration list for PBXProject "ckd" */ = {
			isa = XCConfigurationList;
			buildConfigurations = (
				9BB5BDE6209447200076DDB7 /* Debug */,
				9BB5BDE7209447200076DDB7 /* Release */,
			);
			defaultConfigurationIsVisible = 0;
			defaultConfigurationName = Release;
		};
		9BB5BDE8209447200076DDB7 /* Build configuration list for PBXNativeTarget "ckd" */ = {
			isa = XCConfigurationList;
			buildConfigurations = (
				9BB5BDE9209447200076DDB7 /* Debug */,
				9BB5BDEA209447200076DDB7 /* Release */,
			);
			defaultConfigurationIsVisible = 0;
			defaultConfigurationName = Release;
		};
		9BB5BDEB209447200076DDB7 /* Build configuration list for PBXNativeTarget "ckdTests" */ = {
			isa = XCConfigurationList;
			buildConfigurations = (
				9BB5BDEC209447200076DDB7 /* Debug */,
				9BB5BDED209447200076DDB7 /* Release */,
			);
			defaultConfigurationIsVisible = 0;
			defaultConfigurationName = Release;
		};
		9BB5BDEE209447200076DDB7 /* Build configuration list for PBXNativeTarget "ckdUITests" */ = {
			isa = XCConfigurationList;
			buildConfigurations = (
				9BB5BDEF209447200076DDB7 /* Debug */,
				9BB5BDF0209447200076DDB7 /* Release */,
			);
			defaultConfigurationIsVisible = 0;
			defaultConfigurationName = Release;
		};
/* End XCConfigurationList section */
	};
	rootObject = 9BB5BDB4209447200076DDB7 /* Project object */;
}
