// !$*UTF8*$!
{
	archiveVersion = 1;
	classes = {
	};
	objectVersion = 48;
	objects = {

/* Begin PBXBuildFile section */
		9B01A0212095DB9400365BB8 /* WLLoginView.m in Sources */ = {isa = PBXBuildFile; fileRef = 9B01A0202095DB9400365BB8 /* WLLoginView.m */; };
		9B01A0242095F57C00365BB8 /* WLProfileView.m in Sources */ = {isa = PBXBuildFile; fileRef = 9B01A0232095F57C00365BB8 /* WLProfileView.m */; };
		9B01A0282095FCBA00365BB8 /* WLProfileItemsCell.m in Sources */ = {isa = PBXBuildFile; fileRef = 9B01A0262095FCBA00365BB8 /* WLProfileItemsCell.m */; };
		9B01A0292095FCBA00365BB8 /* WLProfileItemsCell.xib in Resources */ = {isa = PBXBuildFile; fileRef = 9B01A0272095FCBA00365BB8 /* WLProfileItemsCell.xib */; };
		9B01A03420960D5A00365BB8 /* WLSettingsViewController.m in Sources */ = {isa = PBXBuildFile; fileRef = 9B01A03320960D5A00365BB8 /* WLSettingsViewController.m */; };
		9B01A03620960D6800365BB8 /* WLSettingsViewController.storyboard in Resources */ = {isa = PBXBuildFile; fileRef = 9B01A03520960D6800365BB8 /* WLSettingsViewController.storyboard */; };
		9B01A03B209617AF00365BB8 /* WLSettings.m in Sources */ = {isa = PBXBuildFile; fileRef = 9B01A03A209617AF00365BB8 /* WLSettings.m */; };
		9B4552FD2096DB3400C6C447 /* WLProfileDetailsViewController.m in Sources */ = {isa = PBXBuildFile; fileRef = 9B4552FC2096DB3400C6C447 /* WLProfileDetailsViewController.m */; };
		9B4553002096F31F00C6C447 /* WLNetworkTool.m in Sources */ = {isa = PBXBuildFile; fileRef = 9B4552FF2096F31F00C6C447 /* WLNetworkTool.m */; };
		9B4553032096F3B000C6C447 /* WLUtilities.m in Sources */ = {isa = PBXBuildFile; fileRef = 9B4553022096F3B000C6C447 /* WLUtilities.m */; };
		9B4CEDB820974A3700F20FB5 /* MapViewBaseDemoViewController.mm in Sources */ = {isa = PBXBuildFile; fileRef = 9B4CEDB720974A3700F20FB5 /* MapViewBaseDemoViewController.mm */; };
		9B4CEDBB20974E9D00F20FB5 /* WLMapViewController.m in Sources */ = {isa = PBXBuildFile; fileRef = 9B4CEDBA20974E9D00F20FB5 /* WLMapViewController.m */; };
		9BB5BDC1209447200076DDB7 /* AppDelegate.mm in Sources */ = {isa = PBXBuildFile; fileRef = 9BB5BDC0209447200076DDB7 /* AppDelegate.mm */; };
		9BB5BDC7209447200076DDB7 /* Main.storyboard in Resources */ = {isa = PBXBuildFile; fileRef = 9BB5BDC5209447200076DDB7 /* Main.storyboard */; };
		9BB5BDC9209447200076DDB7 /* Assets.xcassets in Resources */ = {isa = PBXBuildFile; fileRef = 9BB5BDC8209447200076DDB7 /* Assets.xcassets */; };
		9BB5BDCC209447200076DDB7 /* LaunchScreen.storyboard in Resources */ = {isa = PBXBuildFile; fileRef = 9BB5BDCA209447200076DDB7 /* LaunchScreen.storyboard */; };
		9BB5BDCF209447200076DDB7 /* main.m in Sources */ = {isa = PBXBuildFile; fileRef = 9BB5BDCE209447200076DDB7 /* main.m */; };
		9BB5BDD9209447200076DDB7 /* ckdTests.m in Sources */ = {isa = PBXBuildFile; fileRef = 9BB5BDD8209447200076DDB7 /* ckdTests.m */; };
		9BB5BDE4209447200076DDB7 /* ckdUITests.m in Sources */ = {isa = PBXBuildFile; fileRef = 9BB5BDE3209447200076DDB7 /* ckdUITests.m */; };
		9BB5BDF6209453850076DDB7 /* WLBaseNavigationViewController.m in Sources */ = {isa = PBXBuildFile; fileRef = 9BB5BDF5209453850076DDB7 /* WLBaseNavigationViewController.m */; };
		9BB5BDF9209453C90076DDB7 /* WLBaseUIViewController.m in Sources */ = {isa = PBXBuildFile; fileRef = 9BB5BDF8209453C90076DDB7 /* WLBaseUIViewController.m */; };
		9BB5BDFC209453DF0076DDB7 /* WLHomeViewController.m in Sources */ = {isa = PBXBuildFile; fileRef = 9BB5BDFB209453DF0076DDB7 /* WLHomeViewController.m */; };
		9BB5BE0020946AE90076DDB7 /* WLProfileViewController.m in Sources */ = {isa = PBXBuildFile; fileRef = 9BB5BDFF20946AE90076DDB7 /* WLProfileViewController.m */; };
		9BB5BE0420946E270076DDB7 /* WLLoginViewController.m in Sources */ = {isa = PBXBuildFile; fileRef = 9BB5BE0320946E270076DDB7 /* WLLoginViewController.m */; };
		FE98CF3A172DEAD6991E9E7A /* libPods-ckd.a in Frameworks */ = {isa = PBXBuildFile; fileRef = 1C55BFB4F50FBC05650FEF77 /* libPods-ckd.a */; };
/* End PBXBuildFile section */

/* Begin PBXContainerItemProxy section */
		9BB5BDD5209447200076DDB7 /* PBXContainerItemProxy */ = {
			isa = PBXContainerItemProxy;
			containerPortal = 9BB5BDB4209447200076DDB7 /* Project object */;
			proxyType = 1;
			remoteGlobalIDString = 9BB5BDBB209447200076DDB7;
			remoteInfo = ckd;
		};
		9BB5BDE0209447200076DDB7 /* PBXContainerItemProxy */ = {
			isa = PBXContainerItemProxy;
			containerPortal = 9BB5BDB4209447200076DDB7 /* Project object */;
			proxyType = 1;
			remoteGlobalIDString = 9BB5BDBB209447200076DDB7;
			remoteInfo = ckd;
		};
/* End PBXContainerItemProxy section */

/* Begin PBXFileReference section */
		1C55BFB4F50FBC05650FEF77 /* libPods-ckd.a */ = {isa = PBXFileReference; explicitFileType = archive.ar; includeInIndex = 0; path = "libPods-ckd.a"; sourceTree = BUILT_PRODUCTS_DIR; };
		70750EA903547B5CF0F8D141 /* Pods-ckd.release.xcconfig */ = {isa = PBXFileReference; includeInIndex = 1; lastKnownFileType = text.xcconfig; name = "Pods-ckd.release.xcconfig"; path = "Pods/Target Support Files/Pods-ckd/Pods-ckd.release.xcconfig"; sourceTree = "<group>"; };
		9B01A01F2095DB9400365BB8 /* WLLoginView.h */ = {isa = PBXFileReference; lastKnownFileType = sourcecode.c.h; path = WLLoginView.h; sourceTree = "<group>"; };
		9B01A0202095DB9400365BB8 /* WLLoginView.m */ = {isa = PBXFileReference; lastKnownFileType = sourcecode.c.objc; path = WLLoginView.m; sourceTree = "<group>"; };
		9B01A0222095F57C00365BB8 /* WLProfileView.h */ = {isa = PBXFileReference; lastKnownFileType = sourcecode.c.h; path = WLProfileView.h; sourceTree = "<group>"; };
		9B01A0232095F57C00365BB8 /* WLProfileView.m */ = {isa = PBXFileReference; lastKnownFileType = sourcecode.c.objc; path = WLProfileView.m; sourceTree = "<group>"; };
		9B01A0252095FCBA00365BB8 /* WLProfileItemsCell.h */ = {isa = PBXFileReference; lastKnownFileType = sourcecode.c.h; path = WLProfileItemsCell.h; sourceTree = "<group>"; };
		9B01A0262095FCBA00365BB8 /* WLProfileItemsCell.m */ = {isa = PBXFileReference; lastKnownFileType = sourcecode.c.objc; path = WLProfileItemsCell.m; sourceTree = "<group>"; };
		9B01A0272095FCBA00365BB8 /* WLProfileItemsCell.xib */ = {isa = PBXFileReference; lastKnownFileType = file.xib; path = WLProfileItemsCell.xib; sourceTree = "<group>"; };
		9B01A03220960D5A00365BB8 /* WLSettingsViewController.h */ = {isa = PBXFileReference; lastKnownFileType = sourcecode.c.h; path = WLSettingsViewController.h; sourceTree = "<group>"; };
		9B01A03320960D5A00365BB8 /* WLSettingsViewController.m */ = {isa = PBXFileReference; lastKnownFileType = sourcecode.c.objc; path = WLSettingsViewController.m; sourceTree = "<group>"; };
		9B01A03520960D6800365BB8 /* WLSettingsViewController.storyboard */ = {isa = PBXFileReference; lastKnownFileType = file.storyboard; path = WLSettingsViewController.storyboard; sourceTree = "<group>"; };
		9B01A039209617AF00365BB8 /* WLSettings.h */ = {isa = PBXFileReference; lastKnownFileType = sourcecode.c.h; path = WLSettings.h; sourceTree = "<group>"; };
		9B01A03A209617AF00365BB8 /* WLSettings.m */ = {isa = PBXFileReference; lastKnownFileType = sourcecode.c.objc; path = WLSettings.m; sourceTree = "<group>"; };
		9B4552FB2096DB3400C6C447 /* WLProfileDetailsViewController.h */ = {isa = PBXFileReference; lastKnownFileType = sourcecode.c.h; path = WLProfileDetailsViewController.h; sourceTree = "<group>"; };
		9B4552FC2096DB3400C6C447 /* WLProfileDetailsViewController.m */ = {isa = PBXFileReference; lastKnownFileType = sourcecode.c.objc; path = WLProfileDetailsViewController.m; sourceTree = "<group>"; };
		9B4552FE2096F31F00C6C447 /* WLNetworkTool.h */ = {isa = PBXFileReference; lastKnownFileType = sourcecode.c.h; path = WLNetworkTool.h; sourceTree = "<group>"; };
		9B4552FF2096F31F00C6C447 /* WLNetworkTool.m */ = {isa = PBXFileReference; lastKnownFileType = sourcecode.c.objc; path = WLNetworkTool.m; sourceTree = "<group>"; };
		9B4553012096F3B000C6C447 /* WLUtilities.h */ = {isa = PBXFileReference; lastKnownFileType = sourcecode.c.h; path = WLUtilities.h; sourceTree = "<group>"; };
		9B4553022096F3B000C6C447 /* WLUtilities.m */ = {isa = PBXFileReference; lastKnownFileType = sourcecode.c.objc; path = WLUtilities.m; sourceTree = "<group>"; };
		9B4CEDB620974A3700F20FB5 /* MapViewBaseDemoViewController.h */ = {isa = PBXFileReference; fileEncoding = 4; lastKnownFileType = sourcecode.c.h; path = MapViewBaseDemoViewController.h; sourceTree = "<group>"; };
		9B4CEDB720974A3700F20FB5 /* MapViewBaseDemoViewController.mm */ = {isa = PBXFileReference; fileEncoding = 4; lastKnownFileType = sourcecode.cpp.objcpp; path = MapViewBaseDemoViewController.mm; sourceTree = "<group>"; };
		9B4CEDB920974E9D00F20FB5 /* WLMapViewController.h */ = {isa = PBXFileReference; lastKnownFileType = sourcecode.c.h; path = WLMapViewController.h; sourceTree = "<group>"; };
		9B4CEDBA20974E9D00F20FB5 /* WLMapViewController.m */ = {isa = PBXFileReference; lastKnownFileType = sourcecode.c.objc; path = WLMapViewController.m; sourceTree = "<group>"; };
		9BB5BDBC209447200076DDB7 /* ckd.app */ = {isa = PBXFileReference; explicitFileType = wrapper.application; includeInIndex = 0; path = ckd.app; sourceTree = BUILT_PRODUCTS_DIR; };
		9BB5BDBF209447200076DDB7 /* AppDelegate.h */ = {isa = PBXFileReference; lastKnownFileType = sourcecode.c.h; path = AppDelegate.h; sourceTree = "<group>"; };
		9BB5BDC0209447200076DDB7 /* AppDelegate.mm */ = {isa = PBXFileReference; lastKnownFileType = sourcecode.cpp.objcpp; path = AppDelegate.mm; sourceTree = "<group>"; };
		9BB5BDC6209447200076DDB7 /* Base */ = {isa = PBXFileReference; lastKnownFileType = file.storyboard; name = Base; path = Base.lproj/Main.storyboard; sourceTree = "<group>"; };
		9BB5BDC8209447200076DDB7 /* Assets.xcassets */ = {isa = PBXFileReference; lastKnownFileType = folder.assetcatalog; path = Assets.xcassets; sourceTree = "<group>"; };
		9BB5BDCB209447200076DDB7 /* Base */ = {isa = PBXFileReference; lastKnownFileType = file.storyboard; name = Base; path = Base.lproj/LaunchScreen.storyboard; sourceTree = "<group>"; };
		9BB5BDCD209447200076DDB7 /* Info.plist */ = {isa = PBXFileReference; lastKnownFileType = text.plist.xml; path = Info.plist; sourceTree = "<group>"; };
		9BB5BDCE209447200076DDB7 /* main.m */ = {isa = PBXFileReference; lastKnownFileType = sourcecode.c.objc; path = main.m; sourceTree = "<group>"; };
		9BB5BDD4209447200076DDB7 /* ckdTests.xctest */ = {isa = PBXFileReference; explicitFileType = wrapper.cfbundle; includeInIndex = 0; path = ckdTests.xctest; sourceTree = BUILT_PRODUCTS_DIR; };
		9BB5BDD8209447200076DDB7 /* ckdTests.m */ = {isa = PBXFileReference; lastKnownFileType = sourcecode.c.objc; path = ckdTests.m; sourceTree = "<group>"; };
		9BB5BDDA209447200076DDB7 /* Info.plist */ = {isa = PBXFileReference; lastKnownFileType = text.plist.xml; path = Info.plist; sourceTree = "<group>"; };
		9BB5BDDF209447200076DDB7 /* ckdUITests.xctest */ = {isa = PBXFileReference; explicitFileType = wrapper.cfbundle; includeInIndex = 0; path = ckdUITests.xctest; sourceTree = BUILT_PRODUCTS_DIR; };
		9BB5BDE3209447200076DDB7 /* ckdUITests.m */ = {isa = PBXFileReference; lastKnownFileType = sourcecode.c.objc; path = ckdUITests.m; sourceTree = "<group>"; };
		9BB5BDE5209447200076DDB7 /* Info.plist */ = {isa = PBXFileReference; lastKnownFileType = text.plist.xml; path = Info.plist; sourceTree = "<group>"; };
		9BB5BDF4209453850076DDB7 /* WLBaseNavigationViewController.h */ = {isa = PBXFileReference; lastKnownFileType = sourcecode.c.h; path = WLBaseNavigationViewController.h; sourceTree = "<group>"; };
		9BB5BDF5209453850076DDB7 /* WLBaseNavigationViewController.m */ = {isa = PBXFileReference; lastKnownFileType = sourcecode.c.objc; path = WLBaseNavigationViewController.m; sourceTree = "<group>"; };
		9BB5BDF7209453C90076DDB7 /* WLBaseUIViewController.h */ = {isa = PBXFileReference; lastKnownFileType = sourcecode.c.h; path = WLBaseUIViewController.h; sourceTree = "<group>"; };
		9BB5BDF8209453C90076DDB7 /* WLBaseUIViewController.m */ = {isa = PBXFileReference; lastKnownFileType = sourcecode.c.objc; path = WLBaseUIViewController.m; sourceTree = "<group>"; };
		9BB5BDFA209453DF0076DDB7 /* WLHomeViewController.h */ = {isa = PBXFileReference; lastKnownFileType = sourcecode.c.h; path = WLHomeViewController.h; sourceTree = "<group>"; };
		9BB5BDFB209453DF0076DDB7 /* WLHomeViewController.m */ = {isa = PBXFileReference; lastKnownFileType = sourcecode.c.objc; path = WLHomeViewController.m; sourceTree = "<group>"; };
		9BB5BDFD209469130076DDB7 /* WLPlatform.h */ = {isa = PBXFileReference; lastKnownFileType = sourcecode.c.h; path = WLPlatform.h; sourceTree = "<group>"; };
		9BB5BDFE20946AE90076DDB7 /* WLProfileViewController.h */ = {isa = PBXFileReference; lastKnownFileType = sourcecode.c.h; path = WLProfileViewController.h; sourceTree = "<group>"; };
		9BB5BDFF20946AE90076DDB7 /* WLProfileViewController.m */ = {isa = PBXFileReference; lastKnownFileType = sourcecode.c.objc; path = WLProfileViewController.m; sourceTree = "<group>"; };
		9BB5BE0220946E270076DDB7 /* WLLoginViewController.h */ = {isa = PBXFileReference; lastKnownFileType = sourcecode.c.h; path = WLLoginViewController.h; sourceTree = "<group>"; };
		9BB5BE0320946E270076DDB7 /* WLLoginViewController.m */ = {isa = PBXFileReference; lastKnownFileType = sourcecode.c.objc; path = WLLoginViewController.m; sourceTree = "<group>"; };
		CEE767F063C76A7AE601455B /* Pods-ckd.debug.xcconfig */ = {isa = PBXFileReference; includeInIndex = 1; lastKnownFileType = text.xcconfig; name = "Pods-ckd.debug.xcconfig"; path = "Pods/Target Support Files/Pods-ckd/Pods-ckd.debug.xcconfig"; sourceTree = "<group>"; };
/* End PBXFileReference section */

/* Begin PBXFrameworksBuildPhase section */
		9BB5BDB9209447200076DDB7 /* Frameworks */ = {
			isa = PBXFrameworksBuildPhase;
			buildActionMask = 2147483647;
			files = (
				FE98CF3A172DEAD6991E9E7A /* libPods-ckd.a in Frameworks */,
			);
			runOnlyForDeploymentPostprocessing = 0;
		};
		9BB5BDD1209447200076DDB7 /* Frameworks */ = {
			isa = PBXFrameworksBuildPhase;
			buildActionMask = 2147483647;
			files = (
			);
			runOnlyForDeploymentPostprocessing = 0;
		};
		9BB5BDDC209447200076DDB7 /* Frameworks */ = {
			isa = PBXFrameworksBuildPhase;
			buildActionMask = 2147483647;
			files = (
			);
			runOnlyForDeploymentPostprocessing = 0;
		};
/* End PBXFrameworksBuildPhase section */

/* Begin PBXGroup section */
		9B01A02A20960B0600365BB8 /* 设置 */ = {
			isa = PBXGroup;
			children = (
				9B01A03220960D5A00365BB8 /* WLSettingsViewController.h */,
				9B01A03320960D5A00365BB8 /* WLSettingsViewController.m */,
				9B01A039209617AF00365BB8 /* WLSettings.h */,
				9B01A03A209617AF00365BB8 /* WLSettings.m */,
				9B4552FB2096DB3400C6C447 /* WLProfileDetailsViewController.h */,
				9B4552FC2096DB3400C6C447 /* WLProfileDetailsViewController.m */,
				9B01A03520960D6800365BB8 /* WLSettingsViewController.storyboard */,
			);
			path = "设置";
			sourceTree = "<group>";
		};
		9BB5BDB3209447200076DDB7 = {
			isa = PBXGroup;
			children = (
				9BB5BDBE209447200076DDB7 /* ckd */,
				9BB5BDD7209447200076DDB7 /* ckdTests */,
				9BB5BDE2209447200076DDB7 /* ckdUITests */,
				9BB5BDBD209447200076DDB7 /* Products */,
				F877386CB69D313AF296F6E9 /* Pods */,
				AE31A021958DE2D6A16B0E9A /* Frameworks */,
			);
			sourceTree = "<group>";
		};
		9BB5BDBD209447200076DDB7 /* Products */ = {
			isa = PBXGroup;
			children = (
				9BB5BDBC209447200076DDB7 /* ckd.app */,
				9BB5BDD4209447200076DDB7 /* ckdTests.xctest */,
				9BB5BDDF209447200076DDB7 /* ckdUITests.xctest */,
			);
			name = Products;
			sourceTree = "<group>";
		};
		9BB5BDBE209447200076DDB7 /* ckd */ = {
			isa = PBXGroup;
			children = (
				9BB5BDF3209453430076DDB7 /* Platform */,
				9BB5BDF2209453390076DDB7 /* 我的 */,
				9BB5BE0120946E0A0076DDB7 /* 登录页面 */,
				9BB5BDF1209453240076DDB7 /* 首页 */,
				9BB5BDBF209447200076DDB7 /* AppDelegate.h */,
				9BB5BDC0209447200076DDB7 /* AppDelegate.mm */,
				9BB5BDC5209447200076DDB7 /* Main.storyboard */,
				9BB5BDC8209447200076DDB7 /* Assets.xcassets */,
				9BB5BDCA209447200076DDB7 /* LaunchScreen.storyboard */,
				9BB5BDCD209447200076DDB7 /* Info.plist */,
				9BB5BDCE209447200076DDB7 /* main.m */,
			);
			path = ckd;
			sourceTree = "<group>";
		};
		9BB5BDD7209447200076DDB7 /* ckdTests */ = {
			isa = PBXGroup;
			children = (
				9BB5BDD8209447200076DDB7 /* ckdTests.m */,
				9BB5BDDA209447200076DDB7 /* Info.plist */,
			);
			path = ckdTests;
			sourceTree = "<group>";
		};
		9BB5BDE2209447200076DDB7 /* ckdUITests */ = {
			isa = PBXGroup;
			children = (
				9BB5BDE3209447200076DDB7 /* ckdUITests.m */,
				9BB5BDE5209447200076DDB7 /* Info.plist */,
			);
			path = ckdUITests;
			sourceTree = "<group>";
		};
		9BB5BDF1209453240076DDB7 /* 首页 */ = {
			isa = PBXGroup;
			children = (
				9BB5BDFA209453DF0076DDB7 /* WLHomeViewController.h */,
				9BB5BDFB209453DF0076DDB7 /* WLHomeViewController.m */,
				9B4CEDB920974E9D00F20FB5 /* WLMapViewController.h */,
				9B4CEDBA20974E9D00F20FB5 /* WLMapViewController.m */,
				9B4CEDB620974A3700F20FB5 /* MapViewBaseDemoViewController.h */,
				9B4CEDB720974A3700F20FB5 /* MapViewBaseDemoViewController.mm */,
			);
			path = "首页";
			sourceTree = "<group>";
		};
		9BB5BDF2209453390076DDB7 /* 我的 */ = {
			isa = PBXGroup;
			children = (
				9B01A02A20960B0600365BB8 /* 设置 */,
				9BB5BDFE20946AE90076DDB7 /* WLProfileViewController.h */,
				9BB5BDFF20946AE90076DDB7 /* WLProfileViewController.m */,
				9B01A0222095F57C00365BB8 /* WLProfileView.h */,
				9B01A0232095F57C00365BB8 /* WLProfileView.m */,
				9B01A0252095FCBA00365BB8 /* WLProfileItemsCell.h */,
				9B01A0262095FCBA00365BB8 /* WLProfileItemsCell.m */,
				9B01A0272095FCBA00365BB8 /* WLProfileItemsCell.xib */,
			);
			path = "我的";
			sourceTree = "<group>";
		};
		9BB5BDF3209453430076DDB7 /* Platform */ = {
			isa = PBXGroup;
			children = (
				9BB5BDFD209469130076DDB7 /* WLPlatform.h */,
				9BB5BDF4209453850076DDB7 /* WLBaseNavigationViewController.h */,
				9BB5BDF5209453850076DDB7 /* WLBaseNavigationViewController.m */,
				9BB5BDF7209453C90076DDB7 /* WLBaseUIViewController.h */,
				9BB5BDF8209453C90076DDB7 /* WLBaseUIViewController.m */,
				9B4552FE2096F31F00C6C447 /* WLNetworkTool.h */,
				9B4552FF2096F31F00C6C447 /* WLNetworkTool.m */,
				9B4553012096F3B000C6C447 /* WLUtilities.h */,
				9B4553022096F3B000C6C447 /* WLUtilities.m */,
			);
			path = Platform;
			sourceTree = "<group>";
		};
		9BB5BE0120946E0A0076DDB7 /* 登录页面 */ = {
			isa = PBXGroup;
			children = (
				9BB5BE0220946E270076DDB7 /* WLLoginViewController.h */,
				9BB5BE0320946E270076DDB7 /* WLLoginViewController.m */,
				9B01A01F2095DB9400365BB8 /* WLLoginView.h */,
				9B01A0202095DB9400365BB8 /* WLLoginView.m */,
			);
			path = "登录页面";
			sourceTree = "<group>";
		};
		AE31A021958DE2D6A16B0E9A /* Frameworks */ = {
			isa = PBXGroup;
			children = (
				1C55BFB4F50FBC05650FEF77 /* libPods-ckd.a */,
			);
			name = Frameworks;
			sourceTree = "<group>";
		};
		F877386CB69D313AF296F6E9 /* Pods */ = {
			isa = PBXGroup;
			children = (
				CEE767F063C76A7AE601455B /* Pods-ckd.debug.xcconfig */,
				70750EA903547B5CF0F8D141 /* Pods-ckd.release.xcconfig */,
			);
			name = Pods;
			sourceTree = "<group>";
		};
/* End PBXGroup section */

/* Begin PBXNativeTarget section */
		9BB5BDBB209447200076DDB7 /* ckd */ = {
			isa = PBXNativeTarget;
			buildConfigurationList = 9BB5BDE8209447200076DDB7 /* Build configuration list for PBXNativeTarget "ckd" */;
			buildPhases = (
				BFC01C9D585849A6D3ED1FAD /* [CP] Check Pods Manifest.lock */,
				9BB5BDB8209447200076DDB7 /* Sources */,
				9BB5BDB9209447200076DDB7 /* Frameworks */,
				9BB5BDBA209447200076DDB7 /* Resources */,
				F00B1212964091A2B26E4239 /* [CP] Copy Pods Resources */,
			);
			buildRules = (
			);
			dependencies = (
			);
			name = ckd;
			productName = ckd;
			productReference = 9BB5BDBC209447200076DDB7 /* ckd.app */;
			productType = "com.apple.product-type.application";
		};
		9BB5BDD3209447200076DDB7 /* ckdTests */ = {
			isa = PBXNativeTarget;
			buildConfigurationList = 9BB5BDEB209447200076DDB7 /* Build configuration list for PBXNativeTarget "ckdTests" */;
			buildPhases = (
				9BB5BDD0209447200076DDB7 /* Sources */,
				9BB5BDD1209447200076DDB7 /* Frameworks */,
				9BB5BDD2209447200076DDB7 /* Resources */,
			);
			buildRules = (
			);
			dependencies = (
				9BB5BDD6209447200076DDB7 /* PBXTargetDependency */,
			);
			name = ckdTests;
			productName = ckdTests;
			productReference = 9BB5BDD4209447200076DDB7 /* ckdTests.xctest */;
			productType = "com.apple.product-type.bundle.unit-test";
		};
		9BB5BDDE209447200076DDB7 /* ckdUITests */ = {
			isa = PBXNativeTarget;
			buildConfigurationList = 9BB5BDEE209447200076DDB7 /* Build configuration list for PBXNativeTarget "ckdUITests" */;
			buildPhases = (
				9BB5BDDB209447200076DDB7 /* Sources */,
				9BB5BDDC209447200076DDB7 /* Frameworks */,
				9BB5BDDD209447200076DDB7 /* Resources */,
			);
			buildRules = (
			);
			dependencies = (
				9BB5BDE1209447200076DDB7 /* PBXTargetDependency */,
			);
			name = ckdUITests;
			productName = ckdUITests;
			productReference = 9BB5BDDF209447200076DDB7 /* ckdUITests.xctest */;
			productType = "com.apple.product-type.bundle.ui-testing";
		};
/* End PBXNativeTarget section */

/* Begin PBXProject section */
		9BB5BDB4209447200076DDB7 /* Project object */ = {
			isa = PBXProject;
			attributes = {
				CLASSPREFIX = WL;
				LastUpgradeCheck = 0920;
				ORGANIZATIONNAME = wanglei;
				TargetAttributes = {
					9BB5BDBB209447200076DDB7 = {
						CreatedOnToolsVersion = 9.2;
						ProvisioningStyle = Automatic;
					};
					9BB5BDD3209447200076DDB7 = {
						CreatedOnToolsVersion = 9.2;
						ProvisioningStyle = Automatic;
						TestTargetID = 9BB5BDBB209447200076DDB7;
					};
					9BB5BDDE209447200076DDB7 = {
						CreatedOnToolsVersion = 9.2;
						ProvisioningStyle = Automatic;
						TestTargetID = 9BB5BDBB209447200076DDB7;
					};
				};
			};
			buildConfigurationList = 9BB5BDB7209447200076DDB7 /* Build configuration list for PBXProject "ckd" */;
			compatibilityVersion = "Xcode 8.0";
			developmentRegion = en;
			hasScannedForEncodings = 0;
			knownRegions = (
				en,
				Base,
			);
			mainGroup = 9BB5BDB3209447200076DDB7;
			productRefGroup = 9BB5BDBD209447200076DDB7 /* Products */;
			projectDirPath = "";
			projectRoot = "";
			targets = (
				9BB5BDBB209447200076DDB7 /* ckd */,
				9BB5BDD3209447200076DDB7 /* ckdTests */,
				9BB5BDDE209447200076DDB7 /* ckdUITests */,
			);
		};
/* End PBXProject section */

/* Begin PBXResourcesBuildPhase section */
		9BB5BDBA209447200076DDB7 /* Resources */ = {
			isa = PBXResourcesBuildPhase;
			buildActionMask = 2147483647;
			files = (
				9BB5BDCC209447200076DDB7 /* LaunchScreen.storyboard in Resources */,
				9B01A0292095FCBA00365BB8 /* WLProfileItemsCell.xib in Resources */,
				9BB5BDC9209447200076DDB7 /* Assets.xcassets in Resources */,
				9B01A03620960D6800365BB8 /* WLSettingsViewController.storyboard in Resources */,
				9BB5BDC7209447200076DDB7 /* Main.storyboard in Resources */,
			);
			runOnlyForDeploymentPostprocessing = 0;
		};
		9BB5BDD2209447200076DDB7 /* Resources */ = {
			isa = PBXResourcesBuildPhase;
			buildActionMask = 2147483647;
			files = (
			);
			runOnlyForDeploymentPostprocessing = 0;
		};
		9BB5BDDD209447200076DDB7 /* Resources */ = {
			isa = PBXResourcesBuildPhase;
			buildActionMask = 2147483647;
			files = (
			);
			runOnlyForDeploymentPostprocessing = 0;
		};
/* End PBXResourcesBuildPhase section */

/* Begin PBXShellScriptBuildPhase section */
		BFC01C9D585849A6D3ED1FAD /* [CP] Check Pods Manifest.lock */ = {
			isa = PBXShellScriptBuildPhase;
			buildActionMask = 2147483647;
			files = (
			);
			inputPaths = (
				"${PODS_PODFILE_DIR_PATH}/Podfile.lock",
				"${PODS_ROOT}/Manifest.lock",
			);
			name = "[CP] Check Pods Manifest.lock";
			outputPaths = (
				"$(DERIVED_FILE_DIR)/Pods-ckd-checkManifestLockResult.txt",
			);
			runOnlyForDeploymentPostprocessing = 0;
			shellPath = /bin/sh;
			shellScript = "diff \"${PODS_PODFILE_DIR_PATH}/Podfile.lock\" \"${PODS_ROOT}/Manifest.lock\" > /dev/null\nif [ $? != 0 ] ; then\n    # print error to STDERR\n    echo \"error: The sandbox is not in sync with the Podfile.lock. Run 'pod install' or update your CocoaPods installation.\" >&2\n    exit 1\nfi\n# This output is used by Xcode 'outputs' to avoid re-running this script phase.\necho \"SUCCESS\" > \"${SCRIPT_OUTPUT_FILE_0}\"\n";
			showEnvVarsInLog = 0;
		};
		F00B1212964091A2B26E4239 /* [CP] Copy Pods Resources */ = {
			isa = PBXShellScriptBuildPhase;
			buildActionMask = 2147483647;
			files = (
			);
			inputPaths = (
				"${SRCROOT}/Pods/Target Support Files/Pods-ckd/Pods-ckd-resources.sh",
				"${PODS_ROOT}/BaiduMapKit/BaiduMapKit/BaiduMapAPI_Map.framework/Resources/mapapi.bundle",
			);
			name = "[CP] Copy Pods Resources";
			outputPaths = (
				"${TARGET_BUILD_DIR}/${UNLOCALIZED_RESOURCES_FOLDER_PATH}/mapapi.bundle",
			);
			runOnlyForDeploymentPostprocessing = 0;
			shellPath = /bin/sh;
			shellScript = "\"${SRCROOT}/Pods/Target Support Files/Pods-ckd/Pods-ckd-resources.sh\"\n";
			showEnvVarsInLog = 0;
		};
/* End PBXShellScriptBuildPhase section */

/* Begin PBXSourcesBuildPhase section */
		9BB5BDB8209447200076DDB7 /* Sources */ = {
			isa = PBXSourcesBuildPhase;
			buildActionMask = 2147483647;
			files = (
				9B4CEDB820974A3700F20FB5 /* MapViewBaseDemoViewController.mm in Sources */,
				9BB5BDF6209453850076DDB7 /* WLBaseNavigationViewController.m in Sources */,
				9BB5BE0020946AE90076DDB7 /* WLProfileViewController.m in Sources */,
				9BB5BE0420946E270076DDB7 /* WLLoginViewController.m in Sources */,
				9B4553002096F31F00C6C447 /* WLNetworkTool.m in Sources */,
				9B4552FD2096DB3400C6C447 /* WLProfileDetailsViewController.m in Sources */,
				9B01A03B209617AF00365BB8 /* WLSettings.m in Sources */,
				9B01A0242095F57C00365BB8 /* WLProfileView.m in Sources */,
				9B4CEDBB20974E9D00F20FB5 /* WLMapViewController.m in Sources */,
				9BB5BDF9209453C90076DDB7 /* WLBaseUIViewController.m in Sources */,
				9BB5BDCF209447200076DDB7 /* main.m in Sources */,
				9BB5BDFC209453DF0076DDB7 /* WLHomeViewController.m in Sources */,
				9B4553032096F3B000C6C447 /* WLUtilities.m in Sources */,
				9B01A0282095FCBA00365BB8 /* WLProfileItemsCell.m in Sources */,
				9BB5BDC1209447200076DDB7 /* AppDelegate.mm in Sources */,
				9B01A03420960D5A00365BB8 /* WLSettingsViewController.m in Sources */,
				9B01A0212095DB9400365BB8 /* WLLoginView.m in Sources */,
			);
			runOnlyForDeploymentPostprocessing = 0;
		};
		9BB5BDD0209447200076DDB7 /* Sources */ = {
			isa = PBXSourcesBuildPhase;
			buildActionMask = 2147483647;
			files = (
				9BB5BDD9209447200076DDB7 /* ckdTests.m in Sources */,
			);
			runOnlyForDeploymentPostprocessing = 0;
		};
		9BB5BDDB209447200076DDB7 /* Sources */ = {
			isa = PBXSourcesBuildPhase;
			buildActionMask = 2147483647;
			files = (
				9BB5BDE4209447200076DDB7 /* ckdUITests.m in Sources */,
			);
			runOnlyForDeploymentPostprocessing = 0;
		};
/* End PBXSourcesBuildPhase section */

/* Begin PBXTargetDependency section */
		9BB5BDD6209447200076DDB7 /* PBXTargetDependency */ = {
			isa = PBXTargetDependency;
			target = 9BB5BDBB209447200076DDB7 /* ckd */;
			targetProxy = 9BB5BDD5209447200076DDB7 /* PBXContainerItemProxy */;
		};
		9BB5BDE1209447200076DDB7 /* PBXTargetDependency */ = {
			isa = PBXTargetDependency;
			target = 9BB5BDBB209447200076DDB7 /* ckd */;
			targetProxy = 9BB5BDE0209447200076DDB7 /* PBXContainerItemProxy */;
		};
/* End PBXTargetDependency section */

/* Begin PBXVariantGroup section */
		9BB5BDC5209447200076DDB7 /* Main.storyboard */ = {
			isa = PBXVariantGroup;
			children = (
				9BB5BDC6209447200076DDB7 /* Base */,
			);
			name = Main.storyboard;
			sourceTree = "<group>";
		};
		9BB5BDCA209447200076DDB7 /* LaunchScreen.storyboard */ = {
			isa = PBXVariantGroup;
			children = (
				9BB5BDCB209447200076DDB7 /* Base */,
			);
			name = LaunchScreen.storyboard;
			sourceTree = "<group>";
		};
/* End PBXVariantGroup section */

/* Begin XCBuildConfiguration section */
		9BB5BDE6209447200076DDB7 /* Debug */ = {
			isa = XCBuildConfiguration;
			buildSettings = {
				ALWAYS_SEARCH_USER_PATHS = NO;
				CLANG_ANALYZER_NONNULL = YES;
				CLANG_ANALYZER_NUMBER_OBJECT_CONVERSION = YES_AGGRESSIVE;
				CLANG_CXX_LANGUAGE_STANDARD = "gnu++14";
				CLANG_CXX_LIBRARY = "libc++";
				CLANG_ENABLE_MODULES = YES;
				CLANG_ENABLE_OBJC_ARC = YES;
				CLANG_WARN_BLOCK_CAPTURE_AUTORELEASING = YES;
				CLANG_WARN_BOOL_CONVERSION = YES;
				CLANG_WARN_COMMA = YES;
				CLANG_WARN_CONSTANT_CONVERSION = YES;
				CLANG_WARN_DIRECT_OBJC_ISA_USAGE = YES_ERROR;
				CLANG_WARN_DOCUMENTATION_COMMENTS = YES;
				CLANG_WARN_EMPTY_BODY = YES;
				CLANG_WARN_ENUM_CONVERSION = YES;
				CLANG_WARN_INFINITE_RECURSION = YES;
				CLANG_WARN_INT_CONVERSION = YES;
				CLANG_WARN_NON_LITERAL_NULL_CONVERSION = YES;
				CLANG_WARN_OBJC_LITERAL_CONVERSION = YES;
				CLANG_WARN_OBJC_ROOT_CLASS = YES_ERROR;
				CLANG_WARN_RANGE_LOOP_ANALYSIS = YES;
				CLANG_WARN_STRICT_PROTOTYPES = YES;
				CLANG_WARN_SUSPICIOUS_MOVE = YES;
				CLANG_WARN_UNGUARDED_AVAILABILITY = YES_AGGRESSIVE;
				CLANG_WARN_UNREACHABLE_CODE = YES;
				CLANG_WARN__DUPLICATE_METHOD_MATCH = YES;
				CODE_SIGN_IDENTITY = "iPhone Developer";
				COPY_PHASE_STRIP = NO;
				DEBUG_INFORMATION_FORMAT = dwarf;
				ENABLE_STRICT_OBJC_MSGSEND = YES;
				ENABLE_TESTABILITY = YES;
				GCC_C_LANGUAGE_STANDARD = gnu11;
				GCC_DYNAMIC_NO_PIC = NO;
				GCC_NO_COMMON_BLOCKS = YES;
				GCC_OPTIMIZATION_LEVEL = 0;
				GCC_PREPROCESSOR_DEFINITIONS = (
					"DEBUG=1",
					"$(inherited)",
				);
				GCC_WARN_64_TO_32_BIT_CONVERSION = YES;
				GCC_WARN_ABOUT_RETURN_TYPE = YES_ERROR;
				GCC_WARN_UNDECLARED_SELECTOR = YES;
				GCC_WARN_UNINITIALIZED_AUTOS = YES_AGGRESSIVE;
				GCC_WARN_UNUSED_FUNCTION = YES;
				GCC_WARN_UNUSED_VARIABLE = YES;
				IPHONEOS_DEPLOYMENT_TARGET = 11.2;
				MTL_ENABLE_DEBUG_INFO = YES;
				ONLY_ACTIVE_ARCH = YES;
				SDKROOT = iphoneos;
			};
			name = Debug;
		};
		9BB5BDE7209447200076DDB7 /* Release */ = {
			isa = XCBuildConfiguration;
			buildSettings = {
				ALWAYS_SEARCH_USER_PATHS = NO;
				CLANG_ANALYZER_NONNULL = YES;
				CLANG_ANALYZER_NUMBER_OBJECT_CONVERSION = YES_AGGRESSIVE;
				CLANG_CXX_LANGUAGE_STANDARD = "gnu++14";
				CLANG_CXX_LIBRARY = "libc++";
				CLANG_ENABLE_MODULES = YES;
				CLANG_ENABLE_OBJC_ARC = YES;
				CLANG_WARN_BLOCK_CAPTURE_AUTORELEASING = YES;
				CLANG_WARN_BOOL_CONVERSION = YES;
				CLANG_WARN_COMMA = YES;
				CLANG_WARN_CONSTANT_CONVERSION = YES;
				CLANG_WARN_DIRECT_OBJC_ISA_USAGE = YES_ERROR;
				CLANG_WARN_DOCUMENTATION_COMMENTS = YES;
				CLANG_WARN_EMPTY_BODY = YES;
				CLANG_WARN_ENUM_CONVERSION = YES;
				CLANG_WARN_INFINITE_RECURSION = YES;
				CLANG_WARN_INT_CONVERSION = YES;
				CLANG_WARN_NON_LITERAL_NULL_CONVERSION = YES;
				CLANG_WARN_OBJC_LITERAL_CONVERSION = YES;
				CLANG_WARN_OBJC_ROOT_CLASS = YES_ERROR;
				CLANG_WARN_RANGE_LOOP_ANALYSIS = YES;
				CLANG_WARN_STRICT_PROTOTYPES = YES;
				CLANG_WARN_SUSPICIOUS_MOVE = YES;
				CLANG_WARN_UNGUARDED_AVAILABILITY = YES_AGGRESSIVE;
				CLANG_WARN_UNREACHABLE_CODE = YES;
				CLANG_WARN__DUPLICATE_METHOD_MATCH = YES;
				CODE_SIGN_IDENTITY = "iPhone Developer";
				COPY_PHASE_STRIP = NO;
				DEBUG_INFORMATION_FORMAT = "dwarf-with-dsym";
				ENABLE_NS_ASSERTIONS = NO;
				ENABLE_STRICT_OBJC_MSGSEND = YES;
				GCC_C_LANGUAGE_STANDARD = gnu11;
				GCC_NO_COMMON_BLOCKS = YES;
				GCC_WARN_64_TO_32_BIT_CONVERSION = YES;
				GCC_WARN_ABOUT_RETURN_TYPE = YES_ERROR;
				GCC_WARN_UNDECLARED_SELECTOR = YES;
				GCC_WARN_UNINITIALIZED_AUTOS = YES_AGGRESSIVE;
				GCC_WARN_UNUSED_FUNCTION = YES;
				GCC_WARN_UNUSED_VARIABLE = YES;
				IPHONEOS_DEPLOYMENT_TARGET = 11.2;
				MTL_ENABLE_DEBUG_INFO = NO;
				SDKROOT = iphoneos;
				VALIDATE_PRODUCT = YES;
			};
			name = Release;
		};
		9BB5BDE9209447200076DDB7 /* Debug */ = {
			isa = XCBuildConfiguration;
			baseConfigurationReference = CEE767F063C76A7AE601455B /* Pods-ckd.debug.xcconfig */;
			buildSettings = {
				ASSETCATALOG_COMPILER_APPICON_NAME = AppIcon;
				CODE_SIGN_STYLE = Automatic;
				DEVELOPMENT_TEAM = FL27D9E52C;
				INFOPLIST_FILE = ckd/Info.plist;
				IPHONEOS_DEPLOYMENT_TARGET = 9.0;
				LD_RUNPATH_SEARCH_PATHS = "$(inherited) @executable_path/Frameworks";
				PRODUCT_BUNDLE_IDENTIFIER = wang.hehe;
				PRODUCT_NAME = "$(TARGET_NAME)";
				TARGETED_DEVICE_FAMILY = "1,2";
			};
			name = Debug;
		};
		9BB5BDEA209447200076DDB7 /* Release */ = {
			isa = XCBuildConfiguration;
			baseConfigurationReference = 70750EA903547B5CF0F8D141 /* Pods-ckd.release.xcconfig */;
			buildSettings = {
				ASSETCATALOG_COMPILER_APPICON_NAME = AppIcon;
				CODE_SIGN_STYLE = Automatic;
				DEVELOPMENT_TEAM = FL27D9E52C;
				INFOPLIST_FILE = ckd/Info.plist;
				IPHONEOS_DEPLOYMENT_TARGET = 9.0;
				LD_RUNPATH_SEARCH_PATHS = "$(inherited) @executable_path/Frameworks";
				PRODUCT_BUNDLE_IDENTIFIER = wang.hehe;
				PRODUCT_NAME = "$(TARGET_NAME)";
				TARGETED_DEVICE_FAMILY = "1,2";
			};
			name = Release;
		};
		9BB5BDEC209447200076DDB7 /* Debug */ = {
			isa = XCBuildConfiguration;
			buildSettings = {
				BUNDLE_LOADER = "$(TEST_HOST)";
				CODE_SIGN_STYLE = Automatic;
				DEVELOPMENT_TEAM = FL27D9E52C;
				INFOPLIST_FILE = ckdTests/Info.plist;
				LD_RUNPATH_SEARCH_PATHS = "$(inherited) @executable_path/Frameworks @loader_path/Frameworks";
				PRODUCT_BUNDLE_IDENTIFIER = wanglei.ckdTests;
				PRODUCT_NAME = "$(TARGET_NAME)";
				TARGETED_DEVICE_FAMILY = "1,2";
				TEST_HOST = "$(BUILT_PRODUCTS_DIR)/ckd.app/ckd";
			};
			name = Debug;
		};
		9BB5BDED209447200076DDB7 /* Release */ = {
			isa = XCBuildConfiguration;
			buildSettings = {
				BUNDLE_LOADER = "$(TEST_HOST)";
				CODE_SIGN_STYLE = Automatic;
				DEVELOPMENT_TEAM = FL27D9E52C;
				INFOPLIST_FILE = ckdTests/Info.plist;
				LD_RUNPATH_SEARCH_PATHS = "$(inherited) @executable_path/Frameworks @loader_path/Frameworks";
				PRODUCT_BUNDLE_IDENTIFIER = wanglei.ckdTests;
				PRODUCT_NAME = "$(TARGET_NAME)";
				TARGETED_DEVICE_FAMILY = "1,2";
				TEST_HOST = "$(BUILT_PRODUCTS_DIR)/ckd.app/ckd";
			};
			name = Release;
		};
		9BB5BDEF209447200076DDB7 /* Debug */ = {
			isa = XCBuildConfiguration;
			buildSettings = {
				CODE_SIGN_STYLE = Automatic;
				DEVELOPMENT_TEAM = FL27D9E52C;
				INFOPLIST_FILE = ckdUITests/Info.plist;
				LD_RUNPATH_SEARCH_PATHS = "$(inherited) @executable_path/Frameworks @loader_path/Frameworks";
				PRODUCT_BUNDLE_IDENTIFIER = wanglei.ckdUITests;
				PRODUCT_NAME = "$(TARGET_NAME)";
				TARGETED_DEVICE_FAMILY = "1,2";
				TEST_TARGET_NAME = ckd;
			};
			name = Debug;
		};
		9BB5BDF0209447200076DDB7 /* Release */ = {
			isa = XCBuildConfiguration;
			buildSettings = {
				CODE_SIGN_STYLE = Automatic;
				DEVELOPMENT_TEAM = FL27D9E52C;
				INFOPLIST_FILE = ckdUITests/Info.plist;
				LD_RUNPATH_SEARCH_PATHS = "$(inherited) @executable_path/Frameworks @loader_path/Frameworks";
				PRODUCT_BUNDLE_IDENTIFIER = wanglei.ckdUITests;
				PRODUCT_NAME = "$(TARGET_NAME)";
				TARGETED_DEVICE_FAMILY = "1,2";
				TEST_TARGET_NAME = ckd;
			};
			name = Release;
		};
/* End XCBuildConfiguration section */

/* Begin XCConfigurationList section */
		9BB5BDB7209447200076DDB7 /* Build configuration list for PBXProject "ckd" */ = {
			isa = XCConfigurationList;
			buildConfigurations = (
				9BB5BDE6209447200076DDB7 /* Debug */,
				9BB5BDE7209447200076DDB7 /* Release */,
			);
			defaultConfigurationIsVisible = 0;
			defaultConfigurationName = Release;
		};
		9BB5BDE8209447200076DDB7 /* Build configuration list for PBXNativeTarget "ckd" */ = {
			isa = XCConfigurationList;
			buildConfigurations = (
				9BB5BDE9209447200076DDB7 /* Debug */,
				9BB5BDEA209447200076DDB7 /* Release */,
			);
			defaultConfigurationIsVisible = 0;
			defaultConfigurationName = Release;
		};
		9BB5BDEB209447200076DDB7 /* Build configuration list for PBXNativeTarget "ckdTests" */ = {
			isa = XCConfigurationList;
			buildConfigurations = (
				9BB5BDEC209447200076DDB7 /* Debug */,
				9BB5BDED209447200076DDB7 /* Release */,
			);
			defaultConfigurationIsVisible = 0;
			defaultConfigurationName = Release;
		};
		9BB5BDEE209447200076DDB7 /* Build configuration list for PBXNativeTarget "ckdUITests" */ = {
			isa = XCConfigurationList;
			buildConfigurations = (
				9BB5BDEF209447200076DDB7 /* Debug */,
				9BB5BDF0209447200076DDB7 /* Release */,
			);
			defaultConfigurationIsVisible = 0;
			defaultConfigurationName = Release;
		};
/* End XCConfigurationList section */
	};
	rootObject = 9BB5BDB4209447200076DDB7 /* Project object */;
}
